// !$*UTF8*$!
{
	archiveVersion = 1;
	classes = {
	};
	objectVersion = 46;
	objects = {

/* Begin PBXBuildFile section */
		1AC6FB1F180E996B004C840B /* libbox2d Mac.a in Frameworks */ = {isa = PBXBuildFile; fileRef = 1AC6FAFF180E9839004C840B /* libbox2d Mac.a */; };
		1AC6FB20180E996B004C840B /* libchipmunk Mac.a in Frameworks */ = {isa = PBXBuildFile; fileRef = 1AC6FAFD180E9839004C840B /* libchipmunk Mac.a */; };
		1AC6FB21180E996B004C840B /* libcocos2dx Mac.a in Frameworks */ = {isa = PBXBuildFile; fileRef = 1AC6FAF9180E9839004C840B /* libcocos2dx Mac.a */; };
		1AC6FB22180E996B004C840B /* libcocos2dx-extensions Mac.a in Frameworks */ = {isa = PBXBuildFile; fileRef = 1AC6FAFB180E9839004C840B /* libcocos2dx-extensions Mac.a */; };
		1AC6FB23180E996B004C840B /* libCocosDenshion Mac.a in Frameworks */ = {isa = PBXBuildFile; fileRef = 1AC6FB01180E9839004C840B /* libCocosDenshion Mac.a */; };
		1AC6FB2E180E99EB004C840B /* libbox2d iOS.a in Frameworks */ = {isa = PBXBuildFile; fileRef = 1AC6FB0D180E9839004C840B /* libbox2d iOS.a */; };
		1AC6FB2F180E99EB004C840B /* libchipmunk iOS.a in Frameworks */ = {isa = PBXBuildFile; fileRef = 1AC6FB0B180E9839004C840B /* libchipmunk iOS.a */; };
		1AC6FB30180E99EB004C840B /* libcocos2dx iOS.a in Frameworks */ = {isa = PBXBuildFile; fileRef = 1AC6FB07180E9839004C840B /* libcocos2dx iOS.a */; };
		1AC6FB31180E99EB004C840B /* libcocos2dx-extensions iOS.a in Frameworks */ = {isa = PBXBuildFile; fileRef = 1AC6FB09180E9839004C840B /* libcocos2dx-extensions iOS.a */; };
		1AC6FB32180E99EB004C840B /* libCocosDenshion iOS.a in Frameworks */ = {isa = PBXBuildFile; fileRef = 1AC6FB0F180E9839004C840B /* libCocosDenshion iOS.a */; };
		1AFAF8B716D35DE700DB1158 /* AppDelegate.cpp in Sources */ = {isa = PBXBuildFile; fileRef = 1AFAF8B316D35DE700DB1158 /* AppDelegate.cpp */; };
		1D60589F0D05DD5A006BFB54 /* Foundation.framework in Frameworks */ = {isa = PBXBuildFile; fileRef = 1D30AB110D05D00D00671497 /* Foundation.framework */; };
		1DF5F4E00D08C38300B7A737 /* UIKit.framework in Frameworks */ = {isa = PBXBuildFile; fileRef = 1DF5F4DF0D08C38300B7A737 /* UIKit.framework */; };
		288765A50DF7441C002DB57D /* CoreGraphics.framework in Frameworks */ = {isa = PBXBuildFile; fileRef = 288765A40DF7441C002DB57D /* CoreGraphics.framework */; };
		503AE0F817EB97AB00D1A890 /* Icon.icns in Resources */ = {isa = PBXBuildFile; fileRef = 503AE0F617EB97AB00D1A890 /* Icon.icns */; };
		503AE10017EB989F00D1A890 /* AppController.mm in Sources */ = {isa = PBXBuildFile; fileRef = 503AE0FB17EB989F00D1A890 /* AppController.mm */; };
		503AE10117EB989F00D1A890 /* main.m in Sources */ = {isa = PBXBuildFile; fileRef = 503AE0FC17EB989F00D1A890 /* main.m */; };
		503AE10217EB989F00D1A890 /* RootViewController.mm in Sources */ = {isa = PBXBuildFile; fileRef = 503AE0FF17EB989F00D1A890 /* RootViewController.mm */; };
		503AE10517EB98FF00D1A890 /* main.cpp in Sources */ = {isa = PBXBuildFile; fileRef = 503AE10317EB98FF00D1A890 /* main.cpp */; };
		503AE11217EB99EE00D1A890 /* libcurl.dylib in Frameworks */ = {isa = PBXBuildFile; fileRef = 503AE11117EB99EE00D1A890 /* libcurl.dylib */; };
		503AE11B17EB9C5A00D1A890 /* IOKit.framework in Frameworks */ = {isa = PBXBuildFile; fileRef = 503AE11A17EB9C5A00D1A890 /* IOKit.framework */; };
		5087E75717EB910900C73F5D /* AppDelegate.cpp in Sources */ = {isa = PBXBuildFile; fileRef = 1AFAF8B316D35DE700DB1158 /* AppDelegate.cpp */; };
		5087E76317EB910900C73F5D /* Foundation.framework in Frameworks */ = {isa = PBXBuildFile; fileRef = 1D30AB110D05D00D00671497 /* Foundation.framework */; };
		5087E76517EB910900C73F5D /* CoreGraphics.framework in Frameworks */ = {isa = PBXBuildFile; fileRef = 288765A40DF7441C002DB57D /* CoreGraphics.framework */; };
		5087E76717EB910900C73F5D /* libz.dylib in Frameworks */ = {isa = PBXBuildFile; fileRef = BF170DB412928DE900B8313A /* libz.dylib */; };
		5087E76817EB910900C73F5D /* QuartzCore.framework in Frameworks */ = {isa = PBXBuildFile; fileRef = BF1C47EA1293683800B63C5D /* QuartzCore.framework */; };
		5087E76917EB910900C73F5D /* OpenAL.framework in Frameworks */ = {isa = PBXBuildFile; fileRef = D44C620B132DFF330009C878 /* OpenAL.framework */; };
		5087E76A17EB910900C73F5D /* AVFoundation.framework in Frameworks */ = {isa = PBXBuildFile; fileRef = D44C620D132DFF430009C878 /* AVFoundation.framework */; };
		5087E76B17EB910900C73F5D /* AudioToolbox.framework in Frameworks */ = {isa = PBXBuildFile; fileRef = D44C620F132DFF4E0009C878 /* AudioToolbox.framework */; };
		5087E77D17EB970100C73F5D /* Default-568h@2x.png in Resources */ = {isa = PBXBuildFile; fileRef = 5087E77217EB970100C73F5D /* Default-568h@2x.png */; };
		5087E77E17EB970100C73F5D /* Default.png in Resources */ = {isa = PBXBuildFile; fileRef = 5087E77317EB970100C73F5D /* Default.png */; };
		5087E77F17EB970100C73F5D /* Default@2x.png in Resources */ = {isa = PBXBuildFile; fileRef = 5087E77417EB970100C73F5D /* Default@2x.png */; };
		5087E78917EB974C00C73F5D /* AppKit.framework in Frameworks */ = {isa = PBXBuildFile; fileRef = 5087E78817EB974C00C73F5D /* AppKit.framework */; };
		5087E78B17EB975400C73F5D /* OpenGL.framework in Frameworks */ = {isa = PBXBuildFile; fileRef = 5087E78A17EB975400C73F5D /* OpenGL.framework */; };
		5818E734198231B9001C2D9A /* MenuPause.cpp in Sources */ = {isa = PBXBuildFile; fileRef = 5818E732198231B9001C2D9A /* MenuPause.cpp */; };
		5818E735198231B9001C2D9A /* MenuPause.cpp in Sources */ = {isa = PBXBuildFile; fileRef = 5818E732198231B9001C2D9A /* MenuPause.cpp */; };
		5818E73A198231C5001C2D9A /* MenuGameover.cpp in Sources */ = {isa = PBXBuildFile; fileRef = 5818E738198231C5001C2D9A /* MenuGameover.cpp */; };
		5818E73B198231C5001C2D9A /* MenuGameover.cpp in Sources */ = {isa = PBXBuildFile; fileRef = 5818E738198231C5001C2D9A /* MenuGameover.cpp */; };
		5818E73E19825471001C2D9A /* PlatformParams.cpp in Sources */ = {isa = PBXBuildFile; fileRef = 5818E73C19825471001C2D9A /* PlatformParams.cpp */; };
		5818E73F19825471001C2D9A /* PlatformParams.cpp in Sources */ = {isa = PBXBuildFile; fileRef = 5818E73C19825471001C2D9A /* PlatformParams.cpp */; };
		583B5773198211B500AE20B9 /* RowObject.cpp in Sources */ = {isa = PBXBuildFile; fileRef = 583B5771198211B500AE20B9 /* RowObject.cpp */; };
		583B5776198211BA00AE20B9 /* RowObject.cpp in Sources */ = {isa = PBXBuildFile; fileRef = 583B5771198211B500AE20B9 /* RowObject.cpp */; };
		583B5779198217C800AE20B9 /* ObjectFactory.cpp in Sources */ = {isa = PBXBuildFile; fileRef = 583B5777198217C800AE20B9 /* ObjectFactory.cpp */; };
		583B577A198217C800AE20B9 /* ObjectFactory.cpp in Sources */ = {isa = PBXBuildFile; fileRef = 583B5777198217C800AE20B9 /* ObjectFactory.cpp */; };
		583F73361982EC5C001C4814 /* AppIcon29x29.png in Resources */ = {isa = PBXBuildFile; fileRef = 583F73281982EC5C001C4814 /* AppIcon29x29.png */; };
		583F73371982EC5C001C4814 /* AppIcon29x29@2x.png in Resources */ = {isa = PBXBuildFile; fileRef = 583F73291982EC5C001C4814 /* AppIcon29x29@2x.png */; };
		583F73381982EC5C001C4814 /* AppIcon40x40.png in Resources */ = {isa = PBXBuildFile; fileRef = 583F732A1982EC5C001C4814 /* AppIcon40x40.png */; };
		583F73391982EC5C001C4814 /* AppIcon40x40@2x.png in Resources */ = {isa = PBXBuildFile; fileRef = 583F732B1982EC5C001C4814 /* AppIcon40x40@2x.png */; };
		583F733A1982EC5C001C4814 /* AppIcon50x50.png in Resources */ = {isa = PBXBuildFile; fileRef = 583F732C1982EC5C001C4814 /* AppIcon50x50.png */; };
		583F733B1982EC5C001C4814 /* AppIcon50x50@2x.png in Resources */ = {isa = PBXBuildFile; fileRef = 583F732D1982EC5C001C4814 /* AppIcon50x50@2x.png */; };
		583F733C1982EC5C001C4814 /* AppIcon57x57.png in Resources */ = {isa = PBXBuildFile; fileRef = 583F732E1982EC5C001C4814 /* AppIcon57x57.png */; };
		583F733D1982EC5C001C4814 /* AppIcon57x57@2x.png in Resources */ = {isa = PBXBuildFile; fileRef = 583F732F1982EC5C001C4814 /* AppIcon57x57@2x.png */; };
		583F733E1982EC5C001C4814 /* AppIcon60x60.png in Resources */ = {isa = PBXBuildFile; fileRef = 583F73301982EC5C001C4814 /* AppIcon60x60.png */; };
		583F733F1982EC5C001C4814 /* AppIcon60x60@2x.png in Resources */ = {isa = PBXBuildFile; fileRef = 583F73311982EC5C001C4814 /* AppIcon60x60@2x.png */; };
		583F73401982EC5C001C4814 /* AppIcon72x72.png in Resources */ = {isa = PBXBuildFile; fileRef = 583F73321982EC5C001C4814 /* AppIcon72x72.png */; };
		583F73411982EC5C001C4814 /* AppIcon72x72@2x.png in Resources */ = {isa = PBXBuildFile; fileRef = 583F73331982EC5C001C4814 /* AppIcon72x72@2x.png */; };
		583F73421982EC5C001C4814 /* AppIcon76x76.png in Resources */ = {isa = PBXBuildFile; fileRef = 583F73341982EC5C001C4814 /* AppIcon76x76.png */; };
		583F73431982EC5C001C4814 /* AppIcon76x76@2x.png in Resources */ = {isa = PBXBuildFile; fileRef = 583F73351982EC5C001C4814 /* AppIcon76x76@2x.png */; };
		5858E1681982A8DE000AE167 /* libGoogleAdMobAds.a in Frameworks */ = {isa = PBXBuildFile; fileRef = 5858E1661982A8DE000AE167 /* libGoogleAdMobAds.a */; };
		5858E1691982A8DE000AE167 /* README.txt in Resources */ = {isa = PBXBuildFile; fileRef = 5858E1671982A8DE000AE167 /* README.txt */; };
		5858E16D1982A937000AE167 /* AdSupport.framework in Frameworks */ = {isa = PBXBuildFile; fileRef = 5858E16C1982A937000AE167 /* AdSupport.framework */; };
		5858E16F1982A94D000AE167 /* MessageUI.framework in Frameworks */ = {isa = PBXBuildFile; fileRef = 5858E16E1982A94D000AE167 /* MessageUI.framework */; };
		5858E1711982A955000AE167 /* StoreKit.framework in Frameworks */ = {isa = PBXBuildFile; fileRef = 5858E1701982A955000AE167 /* StoreKit.framework */; };
		5858E1731982A95E000AE167 /* SystemConfiguration.framework in Frameworks */ = {isa = PBXBuildFile; fileRef = 5858E1721982A95E000AE167 /* SystemConfiguration.framework */; };
		5858E1761982AC6A000AE167 /* iAd.framework in Frameworks */ = {isa = PBXBuildFile; fileRef = 5858E1751982AC6A000AE167 /* iAd.framework */; };
		5858E1781982ADD6000AE167 /* CoreTelephony.framework in Frameworks */ = {isa = PBXBuildFile; fileRef = 5858E1771982ADD6000AE167 /* CoreTelephony.framework */; };
		5858E17C1982FC17000AE167 /* Social.framework in Frameworks */ = {isa = PBXBuildFile; fileRef = 5858E17B1982FC17000AE167 /* Social.framework */; };
		58849B3319820689006A5346 /* IngameScene.cpp in Sources */ = {isa = PBXBuildFile; fileRef = 58849B3119820689006A5346 /* IngameScene.cpp */; };
		58849B39198206A7006A5346 /* RunRow.cpp in Sources */ = {isa = PBXBuildFile; fileRef = 58849B37198206A7006A5346 /* RunRow.cpp */; };
		58849B3A198206B4006A5346 /* IngameScene.cpp in Sources */ = {isa = PBXBuildFile; fileRef = 58849B3119820689006A5346 /* IngameScene.cpp */; };
		58849B3D19820807006A5346 /* Character.cpp in Sources */ = {isa = PBXBuildFile; fileRef = 58849B3B19820807006A5346 /* Character.cpp */; };
		588BEFF8190CFBAB009F4FDA /* Default-568h@2x.png in Resources */ = {isa = PBXBuildFile; fileRef = 588BEF84190CFBAB009F4FDA /* Default-568h@2x.png */; };
		588BEFF9190CFBAB009F4FDA /* Default-Landscape.png in Resources */ = {isa = PBXBuildFile; fileRef = 588BEF85190CFBAB009F4FDA /* Default-Landscape.png */; };
		588BEFFA190CFBAB009F4FDA /* Default-Landscape@2x.png in Resources */ = {isa = PBXBuildFile; fileRef = 588BEF86190CFBAB009F4FDA /* Default-Landscape@2x.png */; };
		588BEFFB190CFBAB009F4FDA /* Default.png in Resources */ = {isa = PBXBuildFile; fileRef = 588BEF87190CFBAB009F4FDA /* Default.png */; };
		588BEFFC190CFBAB009F4FDA /* Default@2x.png in Resources */ = {isa = PBXBuildFile; fileRef = 588BEF88190CFBAB009F4FDA /* Default@2x.png */; };
		588BF06B190D1AC3009F4FDA /* fonts in Resources */ = {isa = PBXBuildFile; fileRef = 588BF067190D1AC2009F4FDA /* fonts */; };
		588BF06C190D1AC3009F4FDA /* ipad in Resources */ = {isa = PBXBuildFile; fileRef = 588BF068190D1AC3009F4FDA /* ipad */; };
		588BF06D190D1AC3009F4FDA /* ipadhd in Resources */ = {isa = PBXBuildFile; fileRef = 588BF069190D1AC3009F4FDA /* ipadhd */; };
		588BF06E190D1AC3009F4FDA /* sounds in Resources */ = {isa = PBXBuildFile; fileRef = 588BF06A190D1AC3009F4FDA /* sounds */; };
		588BF07F190D38CB009F4FDA /* iphonehd in Resources */ = {isa = PBXBuildFile; fileRef = 588BF07E190D38CB009F4FDA /* iphonehd */; };
		589F772B190CE33700A3E8D9 /* Explode.cpp in Sources */ = {isa = PBXBuildFile; fileRef = 589F771A190CE33700A3E8D9 /* Explode.cpp */; };
		589F772C190CE33700A3E8D9 /* Explode.cpp in Sources */ = {isa = PBXBuildFile; fileRef = 589F771A190CE33700A3E8D9 /* Explode.cpp */; };
		589F772D190CE33700A3E8D9 /* Factory.cpp in Sources */ = {isa = PBXBuildFile; fileRef = 589F771B190CE33700A3E8D9 /* Factory.cpp */; };
		589F772E190CE33700A3E8D9 /* Factory.cpp in Sources */ = {isa = PBXBuildFile; fileRef = 589F771B190CE33700A3E8D9 /* Factory.cpp */; };
		589F7735190CE33700A3E8D9 /* HelloWorldScene.cpp in Sources */ = {isa = PBXBuildFile; fileRef = 589F771F190CE33700A3E8D9 /* HelloWorldScene.cpp */; };
		589F7736190CE33700A3E8D9 /* HelloWorldScene.cpp in Sources */ = {isa = PBXBuildFile; fileRef = 589F771F190CE33700A3E8D9 /* HelloWorldScene.cpp */; };
		589F7757190CE37000A3E8D9 /* micropather.cpp in Sources */ = {isa = PBXBuildFile; fileRef = 589F7755190CE37000A3E8D9 /* micropather.cpp */; };
		589F7758190CE37000A3E8D9 /* micropather.cpp in Sources */ = {isa = PBXBuildFile; fileRef = 589F7755190CE37000A3E8D9 /* micropather.cpp */; };
		589F776E190CE38200A3E8D9 /* CSContentJsonDictionary.cpp in Sources */ = {isa = PBXBuildFile; fileRef = 589F775A190CE38200A3E8D9 /* CSContentJsonDictionary.cpp */; };
		589F776F190CE38200A3E8D9 /* CSContentJsonDictionary.cpp in Sources */ = {isa = PBXBuildFile; fileRef = 589F775A190CE38200A3E8D9 /* CSContentJsonDictionary.cpp */; };
		589F7770190CE38200A3E8D9 /* json_internalarray.inl in Resources */ = {isa = PBXBuildFile; fileRef = 589F7762190CE38200A3E8D9 /* json_internalarray.inl */; };
		589F7771190CE38200A3E8D9 /* json_internalarray.inl in Resources */ = {isa = PBXBuildFile; fileRef = 589F7762190CE38200A3E8D9 /* json_internalarray.inl */; };
		589F7772190CE38200A3E8D9 /* json_internalmap.inl in Resources */ = {isa = PBXBuildFile; fileRef = 589F7763190CE38200A3E8D9 /* json_internalmap.inl */; };
		589F7773190CE38200A3E8D9 /* json_internalmap.inl in Resources */ = {isa = PBXBuildFile; fileRef = 589F7763190CE38200A3E8D9 /* json_internalmap.inl */; };
		589F7774190CE38200A3E8D9 /* json_reader.cpp in Sources */ = {isa = PBXBuildFile; fileRef = 589F7765190CE38200A3E8D9 /* json_reader.cpp */; };
		589F7775190CE38200A3E8D9 /* json_reader.cpp in Sources */ = {isa = PBXBuildFile; fileRef = 589F7765190CE38200A3E8D9 /* json_reader.cpp */; };
		589F7776190CE38200A3E8D9 /* json_value.cpp in Sources */ = {isa = PBXBuildFile; fileRef = 589F7767190CE38200A3E8D9 /* json_value.cpp */; };
		589F7777190CE38200A3E8D9 /* json_value.cpp in Sources */ = {isa = PBXBuildFile; fileRef = 589F7767190CE38200A3E8D9 /* json_value.cpp */; };
		589F7778190CE38200A3E8D9 /* json_valueiterator.inl in Resources */ = {isa = PBXBuildFile; fileRef = 589F7768190CE38200A3E8D9 /* json_valueiterator.inl */; };
		589F7779190CE38200A3E8D9 /* json_valueiterator.inl in Resources */ = {isa = PBXBuildFile; fileRef = 589F7768190CE38200A3E8D9 /* json_valueiterator.inl */; };
		589F777A190CE38200A3E8D9 /* json_writer.cpp in Sources */ = {isa = PBXBuildFile; fileRef = 589F7769190CE38200A3E8D9 /* json_writer.cpp */; };
		589F777B190CE38200A3E8D9 /* json_writer.cpp in Sources */ = {isa = PBXBuildFile; fileRef = 589F7769190CE38200A3E8D9 /* json_writer.cpp */; };
		589F777C190CE38200A3E8D9 /* sconscript in Resources */ = {isa = PBXBuildFile; fileRef = 589F776B190CE38200A3E8D9 /* sconscript */; };
		589F777D190CE38200A3E8D9 /* sconscript in Resources */ = {isa = PBXBuildFile; fileRef = 589F776B190CE38200A3E8D9 /* sconscript */; };
		58F3943219570BCE0022C478 /* NodeFactory.cpp in Sources */ = {isa = PBXBuildFile; fileRef = 58F3943019570BCE0022C478 /* NodeFactory.cpp */; };
		58F394371957208E0022C478 /* JSONUtils.cpp in Sources */ = {isa = PBXBuildFile; fileRef = 58F394351957208E0022C478 /* JSONUtils.cpp */; };
		58F3943B195721730022C478 /* Profile.cpp in Sources */ = {isa = PBXBuildFile; fileRef = 58F39439195721730022C478 /* Profile.cpp */; };
		58F39441195734760022C478 /* shared in Resources */ = {isa = PBXBuildFile; fileRef = 58F39440195734760022C478 /* shared */; };
		BF171245129291EC00B8313A /* OpenGLES.framework in Frameworks */ = {isa = PBXBuildFile; fileRef = BF170DB012928DE900B8313A /* OpenGLES.framework */; };
		BF1712471292920000B8313A /* libz.dylib in Frameworks */ = {isa = PBXBuildFile; fileRef = BF170DB412928DE900B8313A /* libz.dylib */; };
		BF1C47F01293687400B63C5D /* QuartzCore.framework in Frameworks */ = {isa = PBXBuildFile; fileRef = BF1C47EA1293683800B63C5D /* QuartzCore.framework */; };
		D44C620C132DFF330009C878 /* OpenAL.framework in Frameworks */ = {isa = PBXBuildFile; fileRef = D44C620B132DFF330009C878 /* OpenAL.framework */; };
		D44C620E132DFF430009C878 /* AVFoundation.framework in Frameworks */ = {isa = PBXBuildFile; fileRef = D44C620D132DFF430009C878 /* AVFoundation.framework */; };
		D44C6210132DFF4E0009C878 /* AudioToolbox.framework in Frameworks */ = {isa = PBXBuildFile; fileRef = D44C620F132DFF4E0009C878 /* AudioToolbox.framework */; };
		D6B0611B1803AB670077942B /* CoreMotion.framework in Frameworks */ = {isa = PBXBuildFile; fileRef = D6B0611A1803AB670077942B /* CoreMotion.framework */; };
/* End PBXBuildFile section */

/* Begin PBXContainerItemProxy section */
		1AC6FAF8180E9839004C840B /* PBXContainerItemProxy */ = {
			isa = PBXContainerItemProxy;
			containerPortal = 1AC6FAE5180E9839004C840B /* cocos2d_libs.xcodeproj */;
			proxyType = 2;
			remoteGlobalIDString = 1551A33F158F2AB200E66CFE;
			remoteInfo = "cocos2dx Mac";
		};
		1AC6FAFA180E9839004C840B /* PBXContainerItemProxy */ = {
			isa = PBXContainerItemProxy;
			containerPortal = 1AC6FAE5180E9839004C840B /* cocos2d_libs.xcodeproj */;
			proxyType = 2;
			remoteGlobalIDString = A03F2FD617814595006731B9;
			remoteInfo = "cocos2dx-extensions Mac";
		};
		1AC6FAFC180E9839004C840B /* PBXContainerItemProxy */ = {
			isa = PBXContainerItemProxy;
			containerPortal = 1AC6FAE5180E9839004C840B /* cocos2d_libs.xcodeproj */;
			proxyType = 2;
			remoteGlobalIDString = A03F2CB81780BD04006731B9;
			remoteInfo = "chipmunk Mac";
		};
		1AC6FAFE180E9839004C840B /* PBXContainerItemProxy */ = {
			isa = PBXContainerItemProxy;
			containerPortal = 1AC6FAE5180E9839004C840B /* cocos2d_libs.xcodeproj */;
			proxyType = 2;
			remoteGlobalIDString = A03F2D9B1780BDF7006731B9;
			remoteInfo = "box2d Mac";
		};
		1AC6FB00180E9839004C840B /* PBXContainerItemProxy */ = {
			isa = PBXContainerItemProxy;
			containerPortal = 1AC6FAE5180E9839004C840B /* cocos2d_libs.xcodeproj */;
			proxyType = 2;
			remoteGlobalIDString = A03F2ED617814268006731B9;
			remoteInfo = "CocosDenshion Mac";
		};
		1AC6FB06180E9839004C840B /* PBXContainerItemProxy */ = {
			isa = PBXContainerItemProxy;
			containerPortal = 1AC6FAE5180E9839004C840B /* cocos2d_libs.xcodeproj */;
			proxyType = 2;
			remoteGlobalIDString = A07A4D641783777C0073F6A7;
			remoteInfo = "cocos2dx iOS";
		};
		1AC6FB08180E9839004C840B /* PBXContainerItemProxy */ = {
			isa = PBXContainerItemProxy;
			containerPortal = 1AC6FAE5180E9839004C840B /* cocos2d_libs.xcodeproj */;
			proxyType = 2;
			remoteGlobalIDString = A07A4EFC1783867C0073F6A7;
			remoteInfo = "cocos2dx-extensions iOS";
		};
		1AC6FB0A180E9839004C840B /* PBXContainerItemProxy */ = {
			isa = PBXContainerItemProxy;
			containerPortal = 1AC6FAE5180E9839004C840B /* cocos2d_libs.xcodeproj */;
			proxyType = 2;
			remoteGlobalIDString = A07A4F3B178387670073F6A7;
			remoteInfo = "chipmunk iOS";
		};
		1AC6FB0C180E9839004C840B /* PBXContainerItemProxy */ = {
			isa = PBXContainerItemProxy;
			containerPortal = 1AC6FAE5180E9839004C840B /* cocos2d_libs.xcodeproj */;
			proxyType = 2;
			remoteGlobalIDString = A07A4F9E1783876B0073F6A7;
			remoteInfo = "box2d iOS";
		};
		1AC6FB0E180E9839004C840B /* PBXContainerItemProxy */ = {
			isa = PBXContainerItemProxy;
			containerPortal = 1AC6FAE5180E9839004C840B /* cocos2d_libs.xcodeproj */;
			proxyType = 2;
			remoteGlobalIDString = A07A4FB4178387730073F6A7;
			remoteInfo = "CocosDenshion iOS";
		};
		1AC6FB15180E9959004C840B /* PBXContainerItemProxy */ = {
			isa = PBXContainerItemProxy;
			containerPortal = 1AC6FAE5180E9839004C840B /* cocos2d_libs.xcodeproj */;
			proxyType = 1;
			remoteGlobalIDString = 1551A33E158F2AB200E66CFE;
			remoteInfo = "cocos2dx Mac";
		};
		1AC6FB17180E9959004C840B /* PBXContainerItemProxy */ = {
			isa = PBXContainerItemProxy;
			containerPortal = 1AC6FAE5180E9839004C840B /* cocos2d_libs.xcodeproj */;
			proxyType = 1;
			remoteGlobalIDString = A03F2FC117814595006731B9;
			remoteInfo = "cocos2dx-extensions Mac";
		};
		1AC6FB19180E9959004C840B /* PBXContainerItemProxy */ = {
			isa = PBXContainerItemProxy;
			containerPortal = 1AC6FAE5180E9839004C840B /* cocos2d_libs.xcodeproj */;
			proxyType = 1;
			remoteGlobalIDString = A03F2B781780BD04006731B9;
			remoteInfo = "chipmunk Mac";
		};
		1AC6FB1B180E9959004C840B /* PBXContainerItemProxy */ = {
			isa = PBXContainerItemProxy;
			containerPortal = 1AC6FAE5180E9839004C840B /* cocos2d_libs.xcodeproj */;
			proxyType = 1;
			remoteGlobalIDString = A03F2E9817814268006731B9;
			remoteInfo = "CocosDenshion Mac";
		};
		1AC6FB1D180E9963004C840B /* PBXContainerItemProxy */ = {
			isa = PBXContainerItemProxy;
			containerPortal = 1AC6FAE5180E9839004C840B /* cocos2d_libs.xcodeproj */;
			proxyType = 1;
			remoteGlobalIDString = A03F2D5D1780BDF7006731B9;
			remoteInfo = "box2d Mac";
		};
		1AC6FB24180E99E1004C840B /* PBXContainerItemProxy */ = {
			isa = PBXContainerItemProxy;
			containerPortal = 1AC6FAE5180E9839004C840B /* cocos2d_libs.xcodeproj */;
			proxyType = 1;
			remoteGlobalIDString = A07A4C241783777C0073F6A7;
			remoteInfo = "cocos2dx iOS";
		};
		1AC6FB26180E99E1004C840B /* PBXContainerItemProxy */ = {
			isa = PBXContainerItemProxy;
			containerPortal = 1AC6FAE5180E9839004C840B /* cocos2d_libs.xcodeproj */;
			proxyType = 1;
			remoteGlobalIDString = A07A4E111783867C0073F6A7;
			remoteInfo = "cocos2dx-extensions iOS";
		};
		1AC6FB28180E99E1004C840B /* PBXContainerItemProxy */ = {
			isa = PBXContainerItemProxy;
			containerPortal = 1AC6FAE5180E9839004C840B /* cocos2d_libs.xcodeproj */;
			proxyType = 1;
			remoteGlobalIDString = A07A4EFD178387670073F6A7;
			remoteInfo = "chipmunk iOS";
		};
		1AC6FB2A180E99E1004C840B /* PBXContainerItemProxy */ = {
			isa = PBXContainerItemProxy;
			containerPortal = 1AC6FAE5180E9839004C840B /* cocos2d_libs.xcodeproj */;
			proxyType = 1;
			remoteGlobalIDString = A07A4F3C1783876B0073F6A7;
			remoteInfo = "box2d iOS";
		};
		1AC6FB2C180E99E1004C840B /* PBXContainerItemProxy */ = {
			isa = PBXContainerItemProxy;
			containerPortal = 1AC6FAE5180E9839004C840B /* cocos2d_libs.xcodeproj */;
			proxyType = 1;
			remoteGlobalIDString = A07A4F9F178387730073F6A7;
			remoteInfo = "CocosDenshion iOS";
		};
/* End PBXContainerItemProxy section */

/* Begin PBXFileReference section */
		1AC6FAE5180E9839004C840B /* cocos2d_libs.xcodeproj */ = {isa = PBXFileReference; lastKnownFileType = "wrapper.pb-project"; name = cocos2d_libs.xcodeproj; path = ../cocos2d/build/cocos2d_libs.xcodeproj; sourceTree = "<group>"; };
		1ACB3243164770DE00914215 /* libcurl.a */ = {isa = PBXFileReference; lastKnownFileType = archive.ar; name = libcurl.a; path = ../../cocos2dx/platform/third_party/ios/libraries/libcurl.a; sourceTree = "<group>"; };
		1AFAF8B316D35DE700DB1158 /* AppDelegate.cpp */ = {isa = PBXFileReference; fileEncoding = 4; lastKnownFileType = sourcecode.cpp.cpp; name = AppDelegate.cpp; path = ../Classes/AppDelegate.cpp; sourceTree = "<group>"; };
		1AFAF8B416D35DE700DB1158 /* AppDelegate.h */ = {isa = PBXFileReference; fileEncoding = 4; lastKnownFileType = sourcecode.c.h; name = AppDelegate.h; path = ../Classes/AppDelegate.h; sourceTree = "<group>"; };
		1D30AB110D05D00D00671497 /* Foundation.framework */ = {isa = PBXFileReference; lastKnownFileType = wrapper.framework; name = Foundation.framework; path = System/Library/Frameworks/Foundation.framework; sourceTree = SDKROOT; };
		1D6058910D05DD3D006BFB54 /* BunniesForever iOS.app */ = {isa = PBXFileReference; explicitFileType = wrapper.application; includeInIndex = 0; path = "BunniesForever iOS.app"; sourceTree = BUILT_PRODUCTS_DIR; };
		1DF5F4DF0D08C38300B7A737 /* UIKit.framework */ = {isa = PBXFileReference; lastKnownFileType = wrapper.framework; name = UIKit.framework; path = System/Library/Frameworks/UIKit.framework; sourceTree = SDKROOT; };
		288765A40DF7441C002DB57D /* CoreGraphics.framework */ = {isa = PBXFileReference; lastKnownFileType = wrapper.framework; name = CoreGraphics.framework; path = System/Library/Frameworks/CoreGraphics.framework; sourceTree = SDKROOT; };
		503AE0F617EB97AB00D1A890 /* Icon.icns */ = {isa = PBXFileReference; lastKnownFileType = image.icns; path = Icon.icns; sourceTree = "<group>"; };
		503AE0F717EB97AB00D1A890 /* Info.plist */ = {isa = PBXFileReference; fileEncoding = 4; lastKnownFileType = text.plist.xml; path = Info.plist; sourceTree = "<group>"; };
		503AE0FA17EB989F00D1A890 /* AppController.h */ = {isa = PBXFileReference; fileEncoding = 4; lastKnownFileType = sourcecode.c.h; name = AppController.h; path = ios/AppController.h; sourceTree = SOURCE_ROOT; };
		503AE0FB17EB989F00D1A890 /* AppController.mm */ = {isa = PBXFileReference; fileEncoding = 4; lastKnownFileType = sourcecode.cpp.objcpp; name = AppController.mm; path = ios/AppController.mm; sourceTree = SOURCE_ROOT; };
		503AE0FC17EB989F00D1A890 /* main.m */ = {isa = PBXFileReference; fileEncoding = 4; lastKnownFileType = sourcecode.c.objc; name = main.m; path = ios/main.m; sourceTree = SOURCE_ROOT; };
		503AE0FD17EB989F00D1A890 /* Prefix.pch */ = {isa = PBXFileReference; fileEncoding = 4; lastKnownFileType = sourcecode.c.h; name = Prefix.pch; path = ios/Prefix.pch; sourceTree = SOURCE_ROOT; };
		503AE0FE17EB989F00D1A890 /* RootViewController.h */ = {isa = PBXFileReference; fileEncoding = 4; lastKnownFileType = sourcecode.c.h; name = RootViewController.h; path = ios/RootViewController.h; sourceTree = SOURCE_ROOT; };
		503AE0FF17EB989F00D1A890 /* RootViewController.mm */ = {isa = PBXFileReference; fileEncoding = 4; lastKnownFileType = sourcecode.cpp.objcpp; name = RootViewController.mm; path = ios/RootViewController.mm; sourceTree = SOURCE_ROOT; };
		503AE10317EB98FF00D1A890 /* main.cpp */ = {isa = PBXFileReference; fileEncoding = 4; lastKnownFileType = sourcecode.cpp.cpp; name = main.cpp; path = mac/main.cpp; sourceTree = "<group>"; };
		503AE10417EB98FF00D1A890 /* Prefix.pch */ = {isa = PBXFileReference; fileEncoding = 4; lastKnownFileType = sourcecode.c.h; name = Prefix.pch; path = mac/Prefix.pch; sourceTree = "<group>"; };
		503AE11117EB99EE00D1A890 /* libcurl.dylib */ = {isa = PBXFileReference; lastKnownFileType = "compiled.mach-o.dylib"; name = libcurl.dylib; path = usr/lib/libcurl.dylib; sourceTree = SDKROOT; };
		503AE11A17EB9C5A00D1A890 /* IOKit.framework */ = {isa = PBXFileReference; lastKnownFileType = wrapper.framework; name = IOKit.framework; path = System/Library/Frameworks/IOKit.framework; sourceTree = SDKROOT; };
		5087E76F17EB910900C73F5D /* BunniesForever Mac.app */ = {isa = PBXFileReference; explicitFileType = wrapper.application; includeInIndex = 0; path = "BunniesForever Mac.app"; sourceTree = BUILT_PRODUCTS_DIR; };
		5087E77217EB970100C73F5D /* Default-568h@2x.png */ = {isa = PBXFileReference; lastKnownFileType = image.png; path = "Default-568h@2x.png"; sourceTree = "<group>"; };
		5087E77317EB970100C73F5D /* Default.png */ = {isa = PBXFileReference; lastKnownFileType = image.png; path = Default.png; sourceTree = "<group>"; };
		5087E77417EB970100C73F5D /* Default@2x.png */ = {isa = PBXFileReference; lastKnownFileType = image.png; path = "Default@2x.png"; sourceTree = "<group>"; };
		5087E77C17EB970100C73F5D /* Info.plist */ = {isa = PBXFileReference; fileEncoding = 4; lastKnownFileType = text.plist.xml; path = Info.plist; sourceTree = "<group>"; };
		5087E78817EB974C00C73F5D /* AppKit.framework */ = {isa = PBXFileReference; lastKnownFileType = wrapper.framework; name = AppKit.framework; path = System/Library/Frameworks/AppKit.framework; sourceTree = SDKROOT; };
		5087E78A17EB975400C73F5D /* OpenGL.framework */ = {isa = PBXFileReference; lastKnownFileType = wrapper.framework; name = OpenGL.framework; path = System/Library/Frameworks/OpenGL.framework; sourceTree = SDKROOT; };
		5818E732198231B9001C2D9A /* MenuPause.cpp */ = {isa = PBXFileReference; fileEncoding = 4; lastKnownFileType = sourcecode.cpp.cpp; name = MenuPause.cpp; path = ../Classes/MenuPause.cpp; sourceTree = "<group>"; };
		5818E733198231B9001C2D9A /* MenuPause.h */ = {isa = PBXFileReference; fileEncoding = 4; lastKnownFileType = sourcecode.c.h; name = MenuPause.h; path = ../Classes/MenuPause.h; sourceTree = "<group>"; };
		5818E738198231C5001C2D9A /* MenuGameover.cpp */ = {isa = PBXFileReference; fileEncoding = 4; lastKnownFileType = sourcecode.cpp.cpp; name = MenuGameover.cpp; path = ../Classes/MenuGameover.cpp; sourceTree = "<group>"; };
		5818E739198231C5001C2D9A /* MenuGameover.h */ = {isa = PBXFileReference; fileEncoding = 4; lastKnownFileType = sourcecode.c.h; name = MenuGameover.h; path = ../Classes/MenuGameover.h; sourceTree = "<group>"; };
		5818E73C19825471001C2D9A /* PlatformParams.cpp */ = {isa = PBXFileReference; fileEncoding = 4; lastKnownFileType = sourcecode.cpp.cpp; name = PlatformParams.cpp; path = ../Classes/PlatformParams.cpp; sourceTree = "<group>"; };
		5818E73D19825471001C2D9A /* PlatformParams.h */ = {isa = PBXFileReference; fileEncoding = 4; lastKnownFileType = sourcecode.c.h; name = PlatformParams.h; path = ../Classes/PlatformParams.h; sourceTree = "<group>"; };
		583B5771198211B500AE20B9 /* RowObject.cpp */ = {isa = PBXFileReference; fileEncoding = 4; lastKnownFileType = sourcecode.cpp.cpp; name = RowObject.cpp; path = ../Classes/RowObject.cpp; sourceTree = "<group>"; };
		583B5772198211B500AE20B9 /* RowObject.h */ = {isa = PBXFileReference; fileEncoding = 4; lastKnownFileType = sourcecode.c.h; name = RowObject.h; path = ../Classes/RowObject.h; sourceTree = "<group>"; };
		583B5777198217C800AE20B9 /* ObjectFactory.cpp */ = {isa = PBXFileReference; fileEncoding = 4; lastKnownFileType = sourcecode.cpp.cpp; name = ObjectFactory.cpp; path = ../Classes/ObjectFactory.cpp; sourceTree = "<group>"; };
		583B5778198217C800AE20B9 /* ObjectFactory.h */ = {isa = PBXFileReference; fileEncoding = 4; lastKnownFileType = sourcecode.c.h; name = ObjectFactory.h; path = ../Classes/ObjectFactory.h; sourceTree = "<group>"; };
		583F73281982EC5C001C4814 /* AppIcon29x29.png */ = {isa = PBXFileReference; lastKnownFileType = image.png; path = AppIcon29x29.png; sourceTree = "<group>"; };
		583F73291982EC5C001C4814 /* AppIcon29x29@2x.png */ = {isa = PBXFileReference; lastKnownFileType = image.png; path = "AppIcon29x29@2x.png"; sourceTree = "<group>"; };
		583F732A1982EC5C001C4814 /* AppIcon40x40.png */ = {isa = PBXFileReference; lastKnownFileType = image.png; path = AppIcon40x40.png; sourceTree = "<group>"; };
		583F732B1982EC5C001C4814 /* AppIcon40x40@2x.png */ = {isa = PBXFileReference; lastKnownFileType = image.png; path = "AppIcon40x40@2x.png"; sourceTree = "<group>"; };
		583F732C1982EC5C001C4814 /* AppIcon50x50.png */ = {isa = PBXFileReference; lastKnownFileType = image.png; path = AppIcon50x50.png; sourceTree = "<group>"; };
		583F732D1982EC5C001C4814 /* AppIcon50x50@2x.png */ = {isa = PBXFileReference; lastKnownFileType = image.png; path = "AppIcon50x50@2x.png"; sourceTree = "<group>"; };
		583F732E1982EC5C001C4814 /* AppIcon57x57.png */ = {isa = PBXFileReference; lastKnownFileType = image.png; path = AppIcon57x57.png; sourceTree = "<group>"; };
		583F732F1982EC5C001C4814 /* AppIcon57x57@2x.png */ = {isa = PBXFileReference; lastKnownFileType = image.png; path = "AppIcon57x57@2x.png"; sourceTree = "<group>"; };
		583F73301982EC5C001C4814 /* AppIcon60x60.png */ = {isa = PBXFileReference; lastKnownFileType = image.png; path = AppIcon60x60.png; sourceTree = "<group>"; };
		583F73311982EC5C001C4814 /* AppIcon60x60@2x.png */ = {isa = PBXFileReference; lastKnownFileType = image.png; path = "AppIcon60x60@2x.png"; sourceTree = "<group>"; };
		583F73321982EC5C001C4814 /* AppIcon72x72.png */ = {isa = PBXFileReference; lastKnownFileType = image.png; path = AppIcon72x72.png; sourceTree = "<group>"; };
		583F73331982EC5C001C4814 /* AppIcon72x72@2x.png */ = {isa = PBXFileReference; lastKnownFileType = image.png; path = "AppIcon72x72@2x.png"; sourceTree = "<group>"; };
		583F73341982EC5C001C4814 /* AppIcon76x76.png */ = {isa = PBXFileReference; lastKnownFileType = image.png; path = AppIcon76x76.png; sourceTree = "<group>"; };
		583F73351982EC5C001C4814 /* AppIcon76x76@2x.png */ = {isa = PBXFileReference; lastKnownFileType = image.png; path = "AppIcon76x76@2x.png"; sourceTree = "<group>"; };
		5858E15A1982A8DE000AE167 /* GADAdMobExtras.h */ = {isa = PBXFileReference; fileEncoding = 4; lastKnownFileType = sourcecode.c.h; path = GADAdMobExtras.h; sourceTree = "<group>"; };
		5858E15B1982A8DE000AE167 /* GADAdNetworkExtras.h */ = {isa = PBXFileReference; fileEncoding = 4; lastKnownFileType = sourcecode.c.h; path = GADAdNetworkExtras.h; sourceTree = "<group>"; };
		5858E15C1982A8DE000AE167 /* GADAdSize.h */ = {isa = PBXFileReference; fileEncoding = 4; lastKnownFileType = sourcecode.c.h; path = GADAdSize.h; sourceTree = "<group>"; };
		5858E15D1982A8DE000AE167 /* GADBannerView.h */ = {isa = PBXFileReference; fileEncoding = 4; lastKnownFileType = sourcecode.c.h; path = GADBannerView.h; sourceTree = "<group>"; };
		5858E15E1982A8DE000AE167 /* GADBannerViewDelegate.h */ = {isa = PBXFileReference; fileEncoding = 4; lastKnownFileType = sourcecode.c.h; path = GADBannerViewDelegate.h; sourceTree = "<group>"; };
		5858E15F1982A8DE000AE167 /* GADInAppPurchase.h */ = {isa = PBXFileReference; fileEncoding = 4; lastKnownFileType = sourcecode.c.h; path = GADInAppPurchase.h; sourceTree = "<group>"; };
		5858E1601982A8DE000AE167 /* GADInAppPurchaseDelegate.h */ = {isa = PBXFileReference; fileEncoding = 4; lastKnownFileType = sourcecode.c.h; path = GADInAppPurchaseDelegate.h; sourceTree = "<group>"; };
		5858E1611982A8DE000AE167 /* GADInterstitial.h */ = {isa = PBXFileReference; fileEncoding = 4; lastKnownFileType = sourcecode.c.h; path = GADInterstitial.h; sourceTree = "<group>"; };
		5858E1621982A8DE000AE167 /* GADInterstitialDelegate.h */ = {isa = PBXFileReference; fileEncoding = 4; lastKnownFileType = sourcecode.c.h; path = GADInterstitialDelegate.h; sourceTree = "<group>"; };
		5858E1631982A8DE000AE167 /* GADModules.h */ = {isa = PBXFileReference; fileEncoding = 4; lastKnownFileType = sourcecode.c.h; path = GADModules.h; sourceTree = "<group>"; };
		5858E1641982A8DE000AE167 /* GADRequest.h */ = {isa = PBXFileReference; fileEncoding = 4; lastKnownFileType = sourcecode.c.h; path = GADRequest.h; sourceTree = "<group>"; };
		5858E1651982A8DE000AE167 /* GADRequestError.h */ = {isa = PBXFileReference; fileEncoding = 4; lastKnownFileType = sourcecode.c.h; path = GADRequestError.h; sourceTree = "<group>"; };
		5858E1661982A8DE000AE167 /* libGoogleAdMobAds.a */ = {isa = PBXFileReference; lastKnownFileType = archive.ar; path = libGoogleAdMobAds.a; sourceTree = "<group>"; };
		5858E1671982A8DE000AE167 /* README.txt */ = {isa = PBXFileReference; fileEncoding = 4; lastKnownFileType = text; path = README.txt; sourceTree = "<group>"; };
		5858E16C1982A937000AE167 /* AdSupport.framework */ = {isa = PBXFileReference; lastKnownFileType = wrapper.framework; name = AdSupport.framework; path = Platforms/iPhoneOS.platform/Developer/SDKs/iPhoneOS7.1.sdk/System/Library/Frameworks/AdSupport.framework; sourceTree = DEVELOPER_DIR; };
		5858E16E1982A94D000AE167 /* MessageUI.framework */ = {isa = PBXFileReference; lastKnownFileType = wrapper.framework; name = MessageUI.framework; path = Platforms/iPhoneOS.platform/Developer/SDKs/iPhoneOS7.1.sdk/System/Library/Frameworks/MessageUI.framework; sourceTree = DEVELOPER_DIR; };
		5858E1701982A955000AE167 /* StoreKit.framework */ = {isa = PBXFileReference; lastKnownFileType = wrapper.framework; name = StoreKit.framework; path = Platforms/iPhoneOS.platform/Developer/SDKs/iPhoneOS7.1.sdk/System/Library/Frameworks/StoreKit.framework; sourceTree = DEVELOPER_DIR; };
		5858E1721982A95E000AE167 /* SystemConfiguration.framework */ = {isa = PBXFileReference; lastKnownFileType = wrapper.framework; name = SystemConfiguration.framework; path = Platforms/iPhoneOS.platform/Developer/SDKs/iPhoneOS7.1.sdk/System/Library/Frameworks/SystemConfiguration.framework; sourceTree = DEVELOPER_DIR; };
		5858E1741982AB87000AE167 /* iOSNative.h */ = {isa = PBXFileReference; lastKnownFileType = sourcecode.c.h; name = iOSNative.h; path = ios/iOSNative.h; sourceTree = SOURCE_ROOT; };
		5858E1751982AC6A000AE167 /* iAd.framework */ = {isa = PBXFileReference; lastKnownFileType = wrapper.framework; name = iAd.framework; path = Platforms/iPhoneOS.platform/Developer/SDKs/iPhoneOS7.1.sdk/System/Library/Frameworks/iAd.framework; sourceTree = DEVELOPER_DIR; };
		5858E1771982ADD6000AE167 /* CoreTelephony.framework */ = {isa = PBXFileReference; lastKnownFileType = wrapper.framework; name = CoreTelephony.framework; path = Platforms/iPhoneOS.platform/Developer/SDKs/iPhoneOS7.1.sdk/System/Library/Frameworks/CoreTelephony.framework; sourceTree = DEVELOPER_DIR; };
		5858E17B1982FC17000AE167 /* Social.framework */ = {isa = PBXFileReference; lastKnownFileType = wrapper.framework; name = Social.framework; path = Platforms/iPhoneOS.platform/Developer/SDKs/iPhoneOS7.1.sdk/System/Library/Frameworks/Social.framework; sourceTree = DEVELOPER_DIR; };
		58849B3119820689006A5346 /* IngameScene.cpp */ = {isa = PBXFileReference; fileEncoding = 4; lastKnownFileType = sourcecode.cpp.cpp; name = IngameScene.cpp; path = ../Classes/IngameScene.cpp; sourceTree = "<group>"; };
		58849B3219820689006A5346 /* IngameScene.h */ = {isa = PBXFileReference; fileEncoding = 4; lastKnownFileType = sourcecode.c.h; name = IngameScene.h; path = ../Classes/IngameScene.h; sourceTree = "<group>"; };
		58849B37198206A7006A5346 /* RunRow.cpp */ = {isa = PBXFileReference; fileEncoding = 4; lastKnownFileType = sourcecode.cpp.cpp; name = RunRow.cpp; path = ../Classes/RunRow.cpp; sourceTree = "<group>"; };
		58849B38198206A7006A5346 /* RunRow.h */ = {isa = PBXFileReference; fileEncoding = 4; lastKnownFileType = sourcecode.c.h; name = RunRow.h; path = ../Classes/RunRow.h; sourceTree = "<group>"; };
		58849B3B19820807006A5346 /* Character.cpp */ = {isa = PBXFileReference; fileEncoding = 4; lastKnownFileType = sourcecode.cpp.cpp; name = Character.cpp; path = ../Classes/Character.cpp; sourceTree = "<group>"; };
		58849B3C19820807006A5346 /* Character.h */ = {isa = PBXFileReference; fileEncoding = 4; lastKnownFileType = sourcecode.c.h; name = Character.h; path = ../Classes/Character.h; sourceTree = "<group>"; };
		588BEF84190CFBAB009F4FDA /* Default-568h@2x.png */ = {isa = PBXFileReference; lastKnownFileType = image.png; path = "Default-568h@2x.png"; sourceTree = "<group>"; };
		588BEF85190CFBAB009F4FDA /* Default-Landscape.png */ = {isa = PBXFileReference; lastKnownFileType = image.png; path = "Default-Landscape.png"; sourceTree = "<group>"; };
		588BEF86190CFBAB009F4FDA /* Default-Landscape@2x.png */ = {isa = PBXFileReference; lastKnownFileType = image.png; path = "Default-Landscape@2x.png"; sourceTree = "<group>"; };
		588BEF87190CFBAB009F4FDA /* Default.png */ = {isa = PBXFileReference; lastKnownFileType = image.png; path = Default.png; sourceTree = "<group>"; };
		588BEF88190CFBAB009F4FDA /* Default@2x.png */ = {isa = PBXFileReference; lastKnownFileType = image.png; path = "Default@2x.png"; sourceTree = "<group>"; };
		588BF067190D1AC2009F4FDA /* fonts */ = {isa = PBXFileReference; lastKnownFileType = folder; path = fonts; sourceTree = "<group>"; };
		588BF068190D1AC3009F4FDA /* ipad */ = {isa = PBXFileReference; lastKnownFileType = folder; path = ipad; sourceTree = "<group>"; };
		588BF069190D1AC3009F4FDA /* ipadhd */ = {isa = PBXFileReference; lastKnownFileType = folder; path = ipadhd; sourceTree = "<group>"; };
		588BF06A190D1AC3009F4FDA /* sounds */ = {isa = PBXFileReference; lastKnownFileType = folder; path = sounds; sourceTree = "<group>"; };
		588BF07E190D38CB009F4FDA /* iphonehd */ = {isa = PBXFileReference; lastKnownFileType = folder; path = iphonehd; sourceTree = "<group>"; };
		589F771A190CE33700A3E8D9 /* Explode.cpp */ = {isa = PBXFileReference; fileEncoding = 4; lastKnownFileType = sourcecode.cpp.cpp; name = Explode.cpp; path = ../Classes/Explode.cpp; sourceTree = "<group>"; };
		589F771B190CE33700A3E8D9 /* Factory.cpp */ = {isa = PBXFileReference; fileEncoding = 4; lastKnownFileType = sourcecode.cpp.cpp; name = Factory.cpp; path = ../Classes/Factory.cpp; sourceTree = "<group>"; };
		589F771F190CE33700A3E8D9 /* HelloWorldScene.cpp */ = {isa = PBXFileReference; fileEncoding = 4; lastKnownFileType = sourcecode.cpp.cpp; name = HelloWorldScene.cpp; path = ../Classes/HelloWorldScene.cpp; sourceTree = "<group>"; };
		589F7743190CE34F00A3E8D9 /* AppDelegate.h */ = {isa = PBXFileReference; lastKnownFileType = sourcecode.c.h; name = AppDelegate.h; path = ../Classes/AppDelegate.h; sourceTree = "<group>"; };
		589F7747190CE34F00A3E8D9 /* Explode.h */ = {isa = PBXFileReference; lastKnownFileType = sourcecode.c.h; name = Explode.h; path = ../Classes/Explode.h; sourceTree = "<group>"; };
		589F7748190CE34F00A3E8D9 /* Factory.h */ = {isa = PBXFileReference; lastKnownFileType = sourcecode.c.h; name = Factory.h; path = ../Classes/Factory.h; sourceTree = "<group>"; };
		589F774D190CE34F00A3E8D9 /* HelloWorldScene.h */ = {isa = PBXFileReference; lastKnownFileType = sourcecode.c.h; name = HelloWorldScene.h; path = ../Classes/HelloWorldScene.h; sourceTree = "<group>"; };
		589F7755190CE37000A3E8D9 /* micropather.cpp */ = {isa = PBXFileReference; fileEncoding = 4; lastKnownFileType = sourcecode.cpp.cpp; name = micropather.cpp; path = ../Classes/micropather/micropather.cpp; sourceTree = "<group>"; };
		589F7756190CE37000A3E8D9 /* micropather.h */ = {isa = PBXFileReference; fileEncoding = 4; lastKnownFileType = sourcecode.c.h; name = micropather.h; path = ../Classes/micropather/micropather.h; sourceTree = "<group>"; };
		589F775A190CE38200A3E8D9 /* CSContentJsonDictionary.cpp */ = {isa = PBXFileReference; fileEncoding = 4; lastKnownFileType = sourcecode.cpp.cpp; name = CSContentJsonDictionary.cpp; path = ../Classes/Json/CSContentJsonDictionary.cpp; sourceTree = "<group>"; };
		589F775B190CE38200A3E8D9 /* CSContentJsonDictionary.h */ = {isa = PBXFileReference; fileEncoding = 4; lastKnownFileType = sourcecode.c.h; name = CSContentJsonDictionary.h; path = ../Classes/Json/CSContentJsonDictionary.h; sourceTree = "<group>"; };
		589F775D190CE38200A3E8D9 /* autolink.h */ = {isa = PBXFileReference; fileEncoding = 4; lastKnownFileType = sourcecode.c.h; path = autolink.h; sourceTree = "<group>"; };
		589F775E190CE38200A3E8D9 /* config.h */ = {isa = PBXFileReference; fileEncoding = 4; lastKnownFileType = sourcecode.c.h; path = config.h; sourceTree = "<group>"; };
		589F775F190CE38200A3E8D9 /* features.h */ = {isa = PBXFileReference; fileEncoding = 4; lastKnownFileType = sourcecode.c.h; path = features.h; sourceTree = "<group>"; };
		589F7760190CE38200A3E8D9 /* forwards.h */ = {isa = PBXFileReference; fileEncoding = 4; lastKnownFileType = sourcecode.c.h; path = forwards.h; sourceTree = "<group>"; };
		589F7761190CE38200A3E8D9 /* json_batchallocator.h */ = {isa = PBXFileReference; fileEncoding = 4; lastKnownFileType = sourcecode.c.h; path = json_batchallocator.h; sourceTree = "<group>"; };
		589F7762190CE38200A3E8D9 /* json_internalarray.inl */ = {isa = PBXFileReference; fileEncoding = 4; lastKnownFileType = text; path = json_internalarray.inl; sourceTree = "<group>"; };
		589F7763190CE38200A3E8D9 /* json_internalmap.inl */ = {isa = PBXFileReference; fileEncoding = 4; lastKnownFileType = text; path = json_internalmap.inl; sourceTree = "<group>"; };
		589F7764190CE38200A3E8D9 /* json_lib.h */ = {isa = PBXFileReference; fileEncoding = 4; lastKnownFileType = sourcecode.c.h; path = json_lib.h; sourceTree = "<group>"; };
		589F7765190CE38200A3E8D9 /* json_reader.cpp */ = {isa = PBXFileReference; fileEncoding = 4; lastKnownFileType = sourcecode.cpp.cpp; path = json_reader.cpp; sourceTree = "<group>"; };
		589F7766190CE38200A3E8D9 /* json_tool.h */ = {isa = PBXFileReference; fileEncoding = 4; lastKnownFileType = sourcecode.c.h; path = json_tool.h; sourceTree = "<group>"; };
		589F7767190CE38200A3E8D9 /* json_value.cpp */ = {isa = PBXFileReference; fileEncoding = 4; lastKnownFileType = sourcecode.cpp.cpp; path = json_value.cpp; sourceTree = "<group>"; };
		589F7768190CE38200A3E8D9 /* json_valueiterator.inl */ = {isa = PBXFileReference; fileEncoding = 4; lastKnownFileType = text; path = json_valueiterator.inl; sourceTree = "<group>"; };
		589F7769190CE38200A3E8D9 /* json_writer.cpp */ = {isa = PBXFileReference; fileEncoding = 4; lastKnownFileType = sourcecode.cpp.cpp; path = json_writer.cpp; sourceTree = "<group>"; };
		589F776A190CE38200A3E8D9 /* reader.h */ = {isa = PBXFileReference; fileEncoding = 4; lastKnownFileType = sourcecode.c.h; path = reader.h; sourceTree = "<group>"; };
		589F776B190CE38200A3E8D9 /* sconscript */ = {isa = PBXFileReference; fileEncoding = 4; lastKnownFileType = text; path = sconscript; sourceTree = "<group>"; };
		589F776C190CE38200A3E8D9 /* value.h */ = {isa = PBXFileReference; fileEncoding = 4; lastKnownFileType = sourcecode.c.h; path = value.h; sourceTree = "<group>"; };
		589F776D190CE38200A3E8D9 /* writer.h */ = {isa = PBXFileReference; fileEncoding = 4; lastKnownFileType = sourcecode.c.h; path = writer.h; sourceTree = "<group>"; };
		58F3943019570BCE0022C478 /* NodeFactory.cpp */ = {isa = PBXFileReference; fileEncoding = 4; lastKnownFileType = sourcecode.cpp.cpp; name = NodeFactory.cpp; path = ../Classes/NodeFactory.cpp; sourceTree = "<group>"; };
		58F3943119570BCE0022C478 /* NodeFactory.h */ = {isa = PBXFileReference; fileEncoding = 4; lastKnownFileType = sourcecode.c.h; name = NodeFactory.h; path = ../Classes/NodeFactory.h; sourceTree = "<group>"; };
		58F394351957208E0022C478 /* JSONUtils.cpp */ = {isa = PBXFileReference; fileEncoding = 4; lastKnownFileType = sourcecode.cpp.cpp; name = JSONUtils.cpp; path = ../Classes/JSONUtils.cpp; sourceTree = "<group>"; };
		58F394361957208E0022C478 /* JSONUtils.h */ = {isa = PBXFileReference; fileEncoding = 4; lastKnownFileType = sourcecode.c.h; name = JSONUtils.h; path = ../Classes/JSONUtils.h; sourceTree = "<group>"; };
		58F394381957211C0022C478 /* StringFactory.h */ = {isa = PBXFileReference; lastKnownFileType = sourcecode.c.h; name = StringFactory.h; path = ../Classes/StringFactory.h; sourceTree = "<group>"; };
		58F39439195721730022C478 /* Profile.cpp */ = {isa = PBXFileReference; fileEncoding = 4; lastKnownFileType = sourcecode.cpp.cpp; name = Profile.cpp; path = ../Classes/Profile.cpp; sourceTree = "<group>"; };
		58F3943A195721730022C478 /* Profile.h */ = {isa = PBXFileReference; fileEncoding = 4; lastKnownFileType = sourcecode.c.h; name = Profile.h; path = ../Classes/Profile.h; sourceTree = "<group>"; };
		58F39440195734760022C478 /* shared */ = {isa = PBXFileReference; lastKnownFileType = folder; path = shared; sourceTree = "<group>"; };
		BF170DB012928DE900B8313A /* OpenGLES.framework */ = {isa = PBXFileReference; lastKnownFileType = wrapper.framework; name = OpenGLES.framework; path = System/Library/Frameworks/OpenGLES.framework; sourceTree = SDKROOT; };
		BF170DB412928DE900B8313A /* libz.dylib */ = {isa = PBXFileReference; lastKnownFileType = "compiled.mach-o.dylib"; name = libz.dylib; path = usr/lib/libz.dylib; sourceTree = SDKROOT; };
		BF1C47EA1293683800B63C5D /* QuartzCore.framework */ = {isa = PBXFileReference; lastKnownFileType = wrapper.framework; name = QuartzCore.framework; path = System/Library/Frameworks/QuartzCore.framework; sourceTree = SDKROOT; };
		D44C620B132DFF330009C878 /* OpenAL.framework */ = {isa = PBXFileReference; lastKnownFileType = wrapper.framework; name = OpenAL.framework; path = System/Library/Frameworks/OpenAL.framework; sourceTree = SDKROOT; };
		D44C620D132DFF430009C878 /* AVFoundation.framework */ = {isa = PBXFileReference; lastKnownFileType = wrapper.framework; name = AVFoundation.framework; path = System/Library/Frameworks/AVFoundation.framework; sourceTree = SDKROOT; };
		D44C620F132DFF4E0009C878 /* AudioToolbox.framework */ = {isa = PBXFileReference; lastKnownFileType = wrapper.framework; name = AudioToolbox.framework; path = System/Library/Frameworks/AudioToolbox.framework; sourceTree = SDKROOT; };
		D6B0611A1803AB670077942B /* CoreMotion.framework */ = {isa = PBXFileReference; lastKnownFileType = wrapper.framework; name = CoreMotion.framework; path = Platforms/iPhoneOS.platform/Developer/SDKs/iPhoneOS7.0.sdk/System/Library/Frameworks/CoreMotion.framework; sourceTree = DEVELOPER_DIR; };
/* End PBXFileReference section */

/* Begin PBXFrameworksBuildPhase section */
		1D60588F0D05DD3D006BFB54 /* Frameworks */ = {
			isa = PBXFrameworksBuildPhase;
			buildActionMask = 2147483647;
			files = (
				5858E17C1982FC17000AE167 /* Social.framework in Frameworks */,
				5858E1781982ADD6000AE167 /* CoreTelephony.framework in Frameworks */,
				5858E1761982AC6A000AE167 /* iAd.framework in Frameworks */,
				5858E1731982A95E000AE167 /* SystemConfiguration.framework in Frameworks */,
				5858E1711982A955000AE167 /* StoreKit.framework in Frameworks */,
				5858E16F1982A94D000AE167 /* MessageUI.framework in Frameworks */,
				5858E16D1982A937000AE167 /* AdSupport.framework in Frameworks */,
				1AC6FB2E180E99EB004C840B /* libbox2d iOS.a in Frameworks */,
				5858E1681982A8DE000AE167 /* libGoogleAdMobAds.a in Frameworks */,
				1AC6FB2F180E99EB004C840B /* libchipmunk iOS.a in Frameworks */,
				1AC6FB30180E99EB004C840B /* libcocos2dx iOS.a in Frameworks */,
				1AC6FB31180E99EB004C840B /* libcocos2dx-extensions iOS.a in Frameworks */,
				1AC6FB32180E99EB004C840B /* libCocosDenshion iOS.a in Frameworks */,
				D6B0611B1803AB670077942B /* CoreMotion.framework in Frameworks */,
				1D60589F0D05DD5A006BFB54 /* Foundation.framework in Frameworks */,
				1DF5F4E00D08C38300B7A737 /* UIKit.framework in Frameworks */,
				288765A50DF7441C002DB57D /* CoreGraphics.framework in Frameworks */,
				BF171245129291EC00B8313A /* OpenGLES.framework in Frameworks */,
				BF1712471292920000B8313A /* libz.dylib in Frameworks */,
				BF1C47F01293687400B63C5D /* QuartzCore.framework in Frameworks */,
				D44C620C132DFF330009C878 /* OpenAL.framework in Frameworks */,
				D44C620E132DFF430009C878 /* AVFoundation.framework in Frameworks */,
				D44C6210132DFF4E0009C878 /* AudioToolbox.framework in Frameworks */,
			);
			runOnlyForDeploymentPostprocessing = 0;
		};
		5087E75C17EB910900C73F5D /* Frameworks */ = {
			isa = PBXFrameworksBuildPhase;
			buildActionMask = 2147483647;
			files = (
				1AC6FB1F180E996B004C840B /* libbox2d Mac.a in Frameworks */,
				1AC6FB20180E996B004C840B /* libchipmunk Mac.a in Frameworks */,
				1AC6FB21180E996B004C840B /* libcocos2dx Mac.a in Frameworks */,
				1AC6FB22180E996B004C840B /* libcocos2dx-extensions Mac.a in Frameworks */,
				1AC6FB23180E996B004C840B /* libCocosDenshion Mac.a in Frameworks */,
				503AE11217EB99EE00D1A890 /* libcurl.dylib in Frameworks */,
				5087E76717EB910900C73F5D /* libz.dylib in Frameworks */,
				503AE11B17EB9C5A00D1A890 /* IOKit.framework in Frameworks */,
				5087E78B17EB975400C73F5D /* OpenGL.framework in Frameworks */,
				5087E78917EB974C00C73F5D /* AppKit.framework in Frameworks */,
				5087E76317EB910900C73F5D /* Foundation.framework in Frameworks */,
				5087E76517EB910900C73F5D /* CoreGraphics.framework in Frameworks */,
				5087E76817EB910900C73F5D /* QuartzCore.framework in Frameworks */,
				5087E76917EB910900C73F5D /* OpenAL.framework in Frameworks */,
				5087E76A17EB910900C73F5D /* AVFoundation.framework in Frameworks */,
				5087E76B17EB910900C73F5D /* AudioToolbox.framework in Frameworks */,
			);
			runOnlyForDeploymentPostprocessing = 0;
		};
/* End PBXFrameworksBuildPhase section */

/* Begin PBXGroup section */
		080E96DDFE201D6D7F000001 /* ios */ = {
			isa = PBXGroup;
			children = (
				5087E77117EB970100C73F5D /* Icons */,
				503AE0FA17EB989F00D1A890 /* AppController.h */,
				503AE0FB17EB989F00D1A890 /* AppController.mm */,
				503AE0FC17EB989F00D1A890 /* main.m */,
				503AE0FD17EB989F00D1A890 /* Prefix.pch */,
				503AE0FE17EB989F00D1A890 /* RootViewController.h */,
				503AE0FF17EB989F00D1A890 /* RootViewController.mm */,
				5858E1741982AB87000AE167 /* iOSNative.h */,
			);
			name = ios;
			path = Classes;
			sourceTree = "<group>";
		};
		15AA9C4015B7EC450033D6C2 /* Classes */ = {
			isa = PBXGroup;
			children = (
				58849B3619820690006A5346 /* Ingame */,
				589F7759190CE37700A3E8D9 /* Json */,
				589F7754190CE36100A3E8D9 /* micropather */,
				589F7743190CE34F00A3E8D9 /* AppDelegate.h */,
				589F7747190CE34F00A3E8D9 /* Explode.h */,
				589F7748190CE34F00A3E8D9 /* Factory.h */,
				589F774D190CE34F00A3E8D9 /* HelloWorldScene.h */,
				589F771A190CE33700A3E8D9 /* Explode.cpp */,
				589F771B190CE33700A3E8D9 /* Factory.cpp */,
				589F771F190CE33700A3E8D9 /* HelloWorldScene.cpp */,
				1AFAF8B316D35DE700DB1158 /* AppDelegate.cpp */,
				1AFAF8B416D35DE700DB1158 /* AppDelegate.h */,
				58F394351957208E0022C478 /* JSONUtils.cpp */,
				58F394361957208E0022C478 /* JSONUtils.h */,
				58F394381957211C0022C478 /* StringFactory.h */,
				58F39439195721730022C478 /* Profile.cpp */,
				58F3943A195721730022C478 /* Profile.h */,
				58F3943019570BCE0022C478 /* NodeFactory.cpp */,
				58F3943119570BCE0022C478 /* NodeFactory.h */,
				5818E73C19825471001C2D9A /* PlatformParams.cpp */,
				5818E73D19825471001C2D9A /* PlatformParams.h */,
			);
			name = Classes;
			path = ../classes;
			sourceTree = "<group>";
		};
		19C28FACFE9D520D11CA2CBB /* Products */ = {
			isa = PBXGroup;
			children = (
				1D6058910D05DD3D006BFB54 /* BunniesForever iOS.app */,
				5087E76F17EB910900C73F5D /* BunniesForever Mac.app */,
			);
			name = Products;
			sourceTree = "<group>";
		};
		1AC6FAE6180E9839004C840B /* Products */ = {
			isa = PBXGroup;
			children = (
				1AC6FAF9180E9839004C840B /* libcocos2dx Mac.a */,
				1AC6FAFB180E9839004C840B /* libcocos2dx-extensions Mac.a */,
				1AC6FAFD180E9839004C840B /* libchipmunk Mac.a */,
				1AC6FAFF180E9839004C840B /* libbox2d Mac.a */,
				1AC6FB01180E9839004C840B /* libCocosDenshion Mac.a */,
				1AC6FB07180E9839004C840B /* libcocos2dx iOS.a */,
				1AC6FB09180E9839004C840B /* libcocos2dx-extensions iOS.a */,
				1AC6FB0B180E9839004C840B /* libchipmunk iOS.a */,
				1AC6FB0D180E9839004C840B /* libbox2d iOS.a */,
				1AC6FB0F180E9839004C840B /* libCocosDenshion iOS.a */,
			);
			name = Products;
			sourceTree = "<group>";
		};
		29B97314FDCFA39411CA2CEA /* CustomTemplate */ = {
			isa = PBXGroup;
			children = (
				5858E1461982A8DE000AE167 /* GoogleMobileAdsSdkiOS-6.10.0 */,
				1AC6FAE5180E9839004C840B /* cocos2d_libs.xcodeproj */,
				15AA9C4015B7EC450033D6C2 /* Classes */,
				29B97323FDCFA39411CA2CEA /* Frameworks */,
				080E96DDFE201D6D7F000001 /* ios */,
				503AE10617EB990700D1A890 /* mac */,
				19C28FACFE9D520D11CA2CBB /* Products */,
				78C7DDAA14EBA5050085D0C2 /* Resources */,
			);
			name = CustomTemplate;
			sourceTree = "<group>";
		};
		29B97323FDCFA39411CA2CEA /* Frameworks */ = {
			isa = PBXGroup;
			children = (
				5858E17B1982FC17000AE167 /* Social.framework */,
				5858E1771982ADD6000AE167 /* CoreTelephony.framework */,
				5858E1751982AC6A000AE167 /* iAd.framework */,
				5858E1721982A95E000AE167 /* SystemConfiguration.framework */,
				5858E1701982A955000AE167 /* StoreKit.framework */,
				5858E16E1982A94D000AE167 /* MessageUI.framework */,
				5858E16C1982A937000AE167 /* AdSupport.framework */,
				D6B0611A1803AB670077942B /* CoreMotion.framework */,
				503AE11A17EB9C5A00D1A890 /* IOKit.framework */,
				503AE11117EB99EE00D1A890 /* libcurl.dylib */,
				5087E78A17EB975400C73F5D /* OpenGL.framework */,
				5087E78817EB974C00C73F5D /* AppKit.framework */,
				1ACB3243164770DE00914215 /* libcurl.a */,
				BF170DB412928DE900B8313A /* libz.dylib */,
				D44C620F132DFF4E0009C878 /* AudioToolbox.framework */,
				D44C620D132DFF430009C878 /* AVFoundation.framework */,
				288765A40DF7441C002DB57D /* CoreGraphics.framework */,
				1D30AB110D05D00D00671497 /* Foundation.framework */,
				D44C620B132DFF330009C878 /* OpenAL.framework */,
				BF170DB012928DE900B8313A /* OpenGLES.framework */,
				BF1C47EA1293683800B63C5D /* QuartzCore.framework */,
				1DF5F4DF0D08C38300B7A737 /* UIKit.framework */,
			);
			name = Frameworks;
			sourceTree = "<group>";
		};
		503AE0F517EB97AB00D1A890 /* Icons */ = {
			isa = PBXGroup;
			children = (
				503AE0F617EB97AB00D1A890 /* Icon.icns */,
				503AE0F717EB97AB00D1A890 /* Info.plist */,
			);
			name = Icons;
			path = mac;
			sourceTree = SOURCE_ROOT;
		};
		503AE10617EB990700D1A890 /* mac */ = {
			isa = PBXGroup;
			children = (
				503AE0F517EB97AB00D1A890 /* Icons */,
				503AE10317EB98FF00D1A890 /* main.cpp */,
				503AE10417EB98FF00D1A890 /* Prefix.pch */,
			);
			name = mac;
			sourceTree = "<group>";
		};
		5087E77117EB970100C73F5D /* Icons */ = {
			isa = PBXGroup;
			children = (
				583F73281982EC5C001C4814 /* AppIcon29x29.png */,
				583F73291982EC5C001C4814 /* AppIcon29x29@2x.png */,
				583F732A1982EC5C001C4814 /* AppIcon40x40.png */,
				583F732B1982EC5C001C4814 /* AppIcon40x40@2x.png */,
				583F732C1982EC5C001C4814 /* AppIcon50x50.png */,
				583F732D1982EC5C001C4814 /* AppIcon50x50@2x.png */,
				583F732E1982EC5C001C4814 /* AppIcon57x57.png */,
				583F732F1982EC5C001C4814 /* AppIcon57x57@2x.png */,
				583F73301982EC5C001C4814 /* AppIcon60x60.png */,
				583F73311982EC5C001C4814 /* AppIcon60x60@2x.png */,
				583F73321982EC5C001C4814 /* AppIcon72x72.png */,
				583F73331982EC5C001C4814 /* AppIcon72x72@2x.png */,
				583F73341982EC5C001C4814 /* AppIcon76x76.png */,
				583F73351982EC5C001C4814 /* AppIcon76x76@2x.png */,
				5087E77217EB970100C73F5D /* Default-568h@2x.png */,
				5087E77317EB970100C73F5D /* Default.png */,
				5087E77417EB970100C73F5D /* Default@2x.png */,
				5087E77C17EB970100C73F5D /* Info.plist */,
			);
			name = Icons;
			path = ios;
			sourceTree = SOURCE_ROOT;
		};
		5858E1461982A8DE000AE167 /* GoogleMobileAdsSdkiOS-6.10.0 */ = {
			isa = PBXGroup;
			children = (
				5858E15A1982A8DE000AE167 /* GADAdMobExtras.h */,
				5858E15B1982A8DE000AE167 /* GADAdNetworkExtras.h */,
				5858E15C1982A8DE000AE167 /* GADAdSize.h */,
				5858E15D1982A8DE000AE167 /* GADBannerView.h */,
				5858E15E1982A8DE000AE167 /* GADBannerViewDelegate.h */,
				5858E15F1982A8DE000AE167 /* GADInAppPurchase.h */,
				5858E1601982A8DE000AE167 /* GADInAppPurchaseDelegate.h */,
				5858E1611982A8DE000AE167 /* GADInterstitial.h */,
				5858E1621982A8DE000AE167 /* GADInterstitialDelegate.h */,
				5858E1631982A8DE000AE167 /* GADModules.h */,
				5858E1641982A8DE000AE167 /* GADRequest.h */,
				5858E1651982A8DE000AE167 /* GADRequestError.h */,
				5858E1661982A8DE000AE167 /* libGoogleAdMobAds.a */,
				5858E1671982A8DE000AE167 /* README.txt */,
			);
			path = "GoogleMobileAdsSdkiOS-6.10.0";
			sourceTree = "<group>";
		};
		58849B3619820690006A5346 /* Ingame */ = {
			isa = PBXGroup;
			children = (
				58849B3119820689006A5346 /* IngameScene.cpp */,
				58849B3219820689006A5346 /* IngameScene.h */,
				58849B37198206A7006A5346 /* RunRow.cpp */,
				58849B38198206A7006A5346 /* RunRow.h */,
				58849B3B19820807006A5346 /* Character.cpp */,
				58849B3C19820807006A5346 /* Character.h */,
				583B5771198211B500AE20B9 /* RowObject.cpp */,
				583B5772198211B500AE20B9 /* RowObject.h */,
				583B5777198217C800AE20B9 /* ObjectFactory.cpp */,
				583B5778198217C800AE20B9 /* ObjectFactory.h */,
				5818E732198231B9001C2D9A /* MenuPause.cpp */,
				5818E733198231B9001C2D9A /* MenuPause.h */,
				5818E738198231C5001C2D9A /* MenuGameover.cpp */,
				5818E739198231C5001C2D9A /* MenuGameover.h */,
			);
			name = Ingame;
			sourceTree = "<group>";
		};
		589F7754190CE36100A3E8D9 /* micropather */ = {
			isa = PBXGroup;
			children = (
				589F7755190CE37000A3E8D9 /* micropather.cpp */,
				589F7756190CE37000A3E8D9 /* micropather.h */,
			);
			name = micropather;
			sourceTree = "<group>";
		};
		589F7759190CE37700A3E8D9 /* Json */ = {
			isa = PBXGroup;
			children = (
				589F775A190CE38200A3E8D9 /* CSContentJsonDictionary.cpp */,
				589F775B190CE38200A3E8D9 /* CSContentJsonDictionary.h */,
				589F775C190CE38200A3E8D9 /* lib_json */,
			);
			name = Json;
			sourceTree = "<group>";
		};
		589F775C190CE38200A3E8D9 /* lib_json */ = {
			isa = PBXGroup;
			children = (
				589F775D190CE38200A3E8D9 /* autolink.h */,
				589F775E190CE38200A3E8D9 /* config.h */,
				589F775F190CE38200A3E8D9 /* features.h */,
				589F7760190CE38200A3E8D9 /* forwards.h */,
				589F7761190CE38200A3E8D9 /* json_batchallocator.h */,
				589F7762190CE38200A3E8D9 /* json_internalarray.inl */,
				589F7763190CE38200A3E8D9 /* json_internalmap.inl */,
				589F7764190CE38200A3E8D9 /* json_lib.h */,
				589F7765190CE38200A3E8D9 /* json_reader.cpp */,
				589F7766190CE38200A3E8D9 /* json_tool.h */,
				589F7767190CE38200A3E8D9 /* json_value.cpp */,
				589F7768190CE38200A3E8D9 /* json_valueiterator.inl */,
				589F7769190CE38200A3E8D9 /* json_writer.cpp */,
				589F776A190CE38200A3E8D9 /* reader.h */,
				589F776B190CE38200A3E8D9 /* sconscript */,
				589F776C190CE38200A3E8D9 /* value.h */,
				589F776D190CE38200A3E8D9 /* writer.h */,
			);
			name = lib_json;
			path = ../Classes/Json/lib_json;
			sourceTree = "<group>";
		};
		78C7DDAA14EBA5050085D0C2 /* Resources */ = {
			isa = PBXGroup;
			children = (
				588BF067190D1AC2009F4FDA /* fonts */,
				588BF068190D1AC3009F4FDA /* ipad */,
				588BF069190D1AC3009F4FDA /* ipadhd */,
				588BF06A190D1AC3009F4FDA /* sounds */,
				588BF07E190D38CB009F4FDA /* iphonehd */,
				588BEF84190CFBAB009F4FDA /* Default-568h@2x.png */,
				588BEF85190CFBAB009F4FDA /* Default-Landscape.png */,
				588BEF86190CFBAB009F4FDA /* Default-Landscape@2x.png */,
				588BEF87190CFBAB009F4FDA /* Default.png */,
				58F39440195734760022C478 /* shared */,
				588BEF88190CFBAB009F4FDA /* Default@2x.png */,
			);
			name = Resources;
			path = ../Resources;
			sourceTree = "<group>";
		};
/* End PBXGroup section */

/* Begin PBXNativeTarget section */
		1D6058900D05DD3D006BFB54 /* BunniesForever iOS */ = {
			isa = PBXNativeTarget;
			buildConfigurationList = 1D6058960D05DD3E006BFB54 /* Build configuration list for PBXNativeTarget "BunniesForever iOS" */;
			buildPhases = (
				1D60588D0D05DD3D006BFB54 /* Resources */,
				1D60588E0D05DD3D006BFB54 /* Sources */,
				1D60588F0D05DD3D006BFB54 /* Frameworks */,
			);
			buildRules = (
			);
			dependencies = (
				1AC6FB25180E99E1004C840B /* PBXTargetDependency */,
				1AC6FB27180E99E1004C840B /* PBXTargetDependency */,
				1AC6FB29180E99E1004C840B /* PBXTargetDependency */,
				1AC6FB2B180E99E1004C840B /* PBXTargetDependency */,
				1AC6FB2D180E99E1004C840B /* PBXTargetDependency */,
			);
			name = "BunniesForever iOS";
			productName = iphone;
			productReference = 1D6058910D05DD3D006BFB54 /* BunniesForever iOS.app */;
			productType = "com.apple.product-type.application";
		};
		5087E73D17EB910900C73F5D /* BunniesForever Mac */ = {
			isa = PBXNativeTarget;
			buildConfigurationList = 5087E76C17EB910900C73F5D /* Build configuration list for PBXNativeTarget "BunniesForever Mac" */;
			buildPhases = (
				5087E74817EB910900C73F5D /* Resources */,
				5087E75617EB910900C73F5D /* Sources */,
				5087E75C17EB910900C73F5D /* Frameworks */,
			);
			buildRules = (
			);
			dependencies = (
				1AC6FB1E180E9963004C840B /* PBXTargetDependency */,
				1AC6FB16180E9959004C840B /* PBXTargetDependency */,
				1AC6FB18180E9959004C840B /* PBXTargetDependency */,
				1AC6FB1A180E9959004C840B /* PBXTargetDependency */,
				1AC6FB1C180E9959004C840B /* PBXTargetDependency */,
			);
			name = "BunniesForever Mac";
			productName = iphone;
			productReference = 5087E76F17EB910900C73F5D /* BunniesForever Mac.app */;
			productType = "com.apple.product-type.application";
		};
/* End PBXNativeTarget section */

/* Begin PBXProject section */
		29B97313FDCFA39411CA2CEA /* Project object */ = {
			isa = PBXProject;
			attributes = {
				LastUpgradeCheck = 0500;
				TargetAttributes = {
					1D6058900D05DD3D006BFB54 = {
						DevelopmentTeam = MDDB52YB8L;
					};
				};
			};
			buildConfigurationList = C01FCF4E08A954540054247B /* Build configuration list for PBXProject "BunniesForever" */;
			compatibilityVersion = "Xcode 3.2";
			developmentRegion = English;
			hasScannedForEncodings = 1;
			knownRegions = (
				English,
				Japanese,
				French,
				German,
			);
			mainGroup = 29B97314FDCFA39411CA2CEA /* CustomTemplate */;
			projectDirPath = "";
			projectReferences = (
				{
					ProductGroup = 1AC6FAE6180E9839004C840B /* Products */;
					ProjectRef = 1AC6FAE5180E9839004C840B /* cocos2d_libs.xcodeproj */;
				},
			);
			projectRoot = "";
			targets = (
				1D6058900D05DD3D006BFB54 /* BunniesForever iOS */,
				5087E73D17EB910900C73F5D /* BunniesForever Mac */,
			);
		};
/* End PBXProject section */

/* Begin PBXReferenceProxy section */
		1AC6FAF9180E9839004C840B /* libcocos2dx Mac.a */ = {
			isa = PBXReferenceProxy;
			fileType = archive.ar;
			path = "libcocos2dx Mac.a";
			remoteRef = 1AC6FAF8180E9839004C840B /* PBXContainerItemProxy */;
			sourceTree = BUILT_PRODUCTS_DIR;
		};
		1AC6FAFB180E9839004C840B /* libcocos2dx-extensions Mac.a */ = {
			isa = PBXReferenceProxy;
			fileType = archive.ar;
			path = "libcocos2dx-extensions Mac.a";
			remoteRef = 1AC6FAFA180E9839004C840B /* PBXContainerItemProxy */;
			sourceTree = BUILT_PRODUCTS_DIR;
		};
		1AC6FAFD180E9839004C840B /* libchipmunk Mac.a */ = {
			isa = PBXReferenceProxy;
			fileType = archive.ar;
			path = "libchipmunk Mac.a";
			remoteRef = 1AC6FAFC180E9839004C840B /* PBXContainerItemProxy */;
			sourceTree = BUILT_PRODUCTS_DIR;
		};
		1AC6FAFF180E9839004C840B /* libbox2d Mac.a */ = {
			isa = PBXReferenceProxy;
			fileType = archive.ar;
			path = "libbox2d Mac.a";
			remoteRef = 1AC6FAFE180E9839004C840B /* PBXContainerItemProxy */;
			sourceTree = BUILT_PRODUCTS_DIR;
		};
		1AC6FB01180E9839004C840B /* libCocosDenshion Mac.a */ = {
			isa = PBXReferenceProxy;
			fileType = archive.ar;
			path = "libCocosDenshion Mac.a";
			remoteRef = 1AC6FB00180E9839004C840B /* PBXContainerItemProxy */;
			sourceTree = BUILT_PRODUCTS_DIR;
		};
		1AC6FB07180E9839004C840B /* libcocos2dx iOS.a */ = {
			isa = PBXReferenceProxy;
			fileType = archive.ar;
			path = "libcocos2dx iOS.a";
			remoteRef = 1AC6FB06180E9839004C840B /* PBXContainerItemProxy */;
			sourceTree = BUILT_PRODUCTS_DIR;
		};
		1AC6FB09180E9839004C840B /* libcocos2dx-extensions iOS.a */ = {
			isa = PBXReferenceProxy;
			fileType = archive.ar;
			path = "libcocos2dx-extensions iOS.a";
			remoteRef = 1AC6FB08180E9839004C840B /* PBXContainerItemProxy */;
			sourceTree = BUILT_PRODUCTS_DIR;
		};
		1AC6FB0B180E9839004C840B /* libchipmunk iOS.a */ = {
			isa = PBXReferenceProxy;
			fileType = archive.ar;
			path = "libchipmunk iOS.a";
			remoteRef = 1AC6FB0A180E9839004C840B /* PBXContainerItemProxy */;
			sourceTree = BUILT_PRODUCTS_DIR;
		};
		1AC6FB0D180E9839004C840B /* libbox2d iOS.a */ = {
			isa = PBXReferenceProxy;
			fileType = archive.ar;
			path = "libbox2d iOS.a";
			remoteRef = 1AC6FB0C180E9839004C840B /* PBXContainerItemProxy */;
			sourceTree = BUILT_PRODUCTS_DIR;
		};
		1AC6FB0F180E9839004C840B /* libCocosDenshion iOS.a */ = {
			isa = PBXReferenceProxy;
			fileType = archive.ar;
			path = "libCocosDenshion iOS.a";
			remoteRef = 1AC6FB0E180E9839004C840B /* PBXContainerItemProxy */;
			sourceTree = BUILT_PRODUCTS_DIR;
		};
/* End PBXReferenceProxy section */

/* Begin PBXResourcesBuildPhase section */
		1D60588D0D05DD3D006BFB54 /* Resources */ = {
			isa = PBXResourcesBuildPhase;
			buildActionMask = 2147483647;
			files = (
				588BEFFB190CFBAB009F4FDA /* Default.png in Resources */,
				588BF06D190D1AC3009F4FDA /* ipadhd in Resources */,
				588BEFFA190CFBAB009F4FDA /* Default-Landscape@2x.png in Resources */,
				5087E77F17EB970100C73F5D /* Default@2x.png in Resources */,
				5858E1691982A8DE000AE167 /* README.txt in Resources */,
				588BF06C190D1AC3009F4FDA /* ipad in Resources */,
				5087E77D17EB970100C73F5D /* Default-568h@2x.png in Resources */,
				583F73361982EC5C001C4814 /* AppIcon29x29.png in Resources */,
				589F7772190CE38200A3E8D9 /* json_internalmap.inl in Resources */,
				583F733E1982EC5C001C4814 /* AppIcon60x60.png in Resources */,
				588BEFF8190CFBAB009F4FDA /* Default-568h@2x.png in Resources */,
				583F73371982EC5C001C4814 /* AppIcon29x29@2x.png in Resources */,
				588BEFFC190CFBAB009F4FDA /* Default@2x.png in Resources */,
				588BF06B190D1AC3009F4FDA /* fonts in Resources */,
				583F733F1982EC5C001C4814 /* AppIcon60x60@2x.png in Resources */,
				58F39441195734760022C478 /* shared in Resources */,
				589F7778190CE38200A3E8D9 /* json_valueiterator.inl in Resources */,
				583F73381982EC5C001C4814 /* AppIcon40x40.png in Resources */,
				589F777C190CE38200A3E8D9 /* sconscript in Resources */,
				588BF06E190D1AC3009F4FDA /* sounds in Resources */,
				583F733D1982EC5C001C4814 /* AppIcon57x57@2x.png in Resources */,
				583F73391982EC5C001C4814 /* AppIcon40x40@2x.png in Resources */,
				583F733C1982EC5C001C4814 /* AppIcon57x57.png in Resources */,
				588BF07F190D38CB009F4FDA /* iphonehd in Resources */,
				589F7770190CE38200A3E8D9 /* json_internalarray.inl in Resources */,
				583F73401982EC5C001C4814 /* AppIcon72x72.png in Resources */,
				588BEFF9190CFBAB009F4FDA /* Default-Landscape.png in Resources */,
				5087E77E17EB970100C73F5D /* Default.png in Resources */,
				583F733B1982EC5C001C4814 /* AppIcon50x50@2x.png in Resources */,
				583F73431982EC5C001C4814 /* AppIcon76x76@2x.png in Resources */,
				583F73411982EC5C001C4814 /* AppIcon72x72@2x.png in Resources */,
				583F733A1982EC5C001C4814 /* AppIcon50x50.png in Resources */,
				583F73421982EC5C001C4814 /* AppIcon76x76.png in Resources */,
			);
			runOnlyForDeploymentPostprocessing = 0;
		};
		5087E74817EB910900C73F5D /* Resources */ = {
			isa = PBXResourcesBuildPhase;
			buildActionMask = 2147483647;
			files = (
				589F7779190CE38200A3E8D9 /* json_valueiterator.inl in Resources */,
				589F777D190CE38200A3E8D9 /* sconscript in Resources */,
				589F7773190CE38200A3E8D9 /* json_internalmap.inl in Resources */,
				589F7771190CE38200A3E8D9 /* json_internalarray.inl in Resources */,
				503AE0F817EB97AB00D1A890 /* Icon.icns in Resources */,
			);
			runOnlyForDeploymentPostprocessing = 0;
		};
/* End PBXResourcesBuildPhase section */

/* Begin PBXSourcesBuildPhase section */
		1D60588E0D05DD3D006BFB54 /* Sources */ = {
			isa = PBXSourcesBuildPhase;
			buildActionMask = 2147483647;
			files = (
				58F3943219570BCE0022C478 /* NodeFactory.cpp in Sources */,
				503AE10017EB989F00D1A890 /* AppController.mm in Sources */,
				589F7735190CE33700A3E8D9 /* HelloWorldScene.cpp in Sources */,
				58849B3D19820807006A5346 /* Character.cpp in Sources */,
				589F772D190CE33700A3E8D9 /* Factory.cpp in Sources */,
				589F7776190CE38200A3E8D9 /* json_value.cpp in Sources */,
				5818E73A198231C5001C2D9A /* MenuGameover.cpp in Sources */,
				589F7774190CE38200A3E8D9 /* json_reader.cpp in Sources */,
				5818E73E19825471001C2D9A /* PlatformParams.cpp in Sources */,
				58F3943B195721730022C478 /* Profile.cpp in Sources */,
				589F7757190CE37000A3E8D9 /* micropather.cpp in Sources */,
				503AE10217EB989F00D1A890 /* RootViewController.mm in Sources */,
				58F394371957208E0022C478 /* JSONUtils.cpp in Sources */,
				1AFAF8B716D35DE700DB1158 /* AppDelegate.cpp in Sources */,
				58849B39198206A7006A5346 /* RunRow.cpp in Sources */,
				583B5779198217C800AE20B9 /* ObjectFactory.cpp in Sources */,
				503AE10117EB989F00D1A890 /* main.m in Sources */,
				589F776E190CE38200A3E8D9 /* CSContentJsonDictionary.cpp in Sources */,
				5818E734198231B9001C2D9A /* MenuPause.cpp in Sources */,
				589F772B190CE33700A3E8D9 /* Explode.cpp in Sources */,
				589F777A190CE38200A3E8D9 /* json_writer.cpp in Sources */,
				583B5773198211B500AE20B9 /* RowObject.cpp in Sources */,
				58849B3319820689006A5346 /* IngameScene.cpp in Sources */,
			);
			runOnlyForDeploymentPostprocessing = 0;
		};
		5087E75617EB910900C73F5D /* Sources */ = {
			isa = PBXSourcesBuildPhase;
			buildActionMask = 2147483647;
			files = (
				589F777B190CE38200A3E8D9 /* json_writer.cpp in Sources */,
				583B5776198211BA00AE20B9 /* RowObject.cpp in Sources */,
				589F7775190CE38200A3E8D9 /* json_reader.cpp in Sources */,
				589F7758190CE37000A3E8D9 /* micropather.cpp in Sources */,
				5087E75717EB910900C73F5D /* AppDelegate.cpp in Sources */,
				589F776F190CE38200A3E8D9 /* CSContentJsonDictionary.cpp in Sources */,
				589F7736190CE33700A3E8D9 /* HelloWorldScene.cpp in Sources */,
				589F7777190CE38200A3E8D9 /* json_value.cpp in Sources */,
				583B577A198217C800AE20B9 /* ObjectFactory.cpp in Sources */,
				5818E735198231B9001C2D9A /* MenuPause.cpp in Sources */,
				589F772E190CE33700A3E8D9 /* Factory.cpp in Sources */,
				5818E73B198231C5001C2D9A /* MenuGameover.cpp in Sources */,
				5818E73F19825471001C2D9A /* PlatformParams.cpp in Sources */,
				589F772C190CE33700A3E8D9 /* Explode.cpp in Sources */,
				58849B3A198206B4006A5346 /* IngameScene.cpp in Sources */,
				503AE10517EB98FF00D1A890 /* main.cpp in Sources */,
			);
			runOnlyForDeploymentPostprocessing = 0;
		};
/* End PBXSourcesBuildPhase section */

/* Begin PBXTargetDependency section */
		1AC6FB16180E9959004C840B /* PBXTargetDependency */ = {
			isa = PBXTargetDependency;
			name = "cocos2dx Mac";
			targetProxy = 1AC6FB15180E9959004C840B /* PBXContainerItemProxy */;
		};
		1AC6FB18180E9959004C840B /* PBXTargetDependency */ = {
			isa = PBXTargetDependency;
			name = "cocos2dx-extensions Mac";
			targetProxy = 1AC6FB17180E9959004C840B /* PBXContainerItemProxy */;
		};
		1AC6FB1A180E9959004C840B /* PBXTargetDependency */ = {
			isa = PBXTargetDependency;
			name = "chipmunk Mac";
			targetProxy = 1AC6FB19180E9959004C840B /* PBXContainerItemProxy */;
		};
		1AC6FB1C180E9959004C840B /* PBXTargetDependency */ = {
			isa = PBXTargetDependency;
			name = "CocosDenshion Mac";
			targetProxy = 1AC6FB1B180E9959004C840B /* PBXContainerItemProxy */;
		};
		1AC6FB1E180E9963004C840B /* PBXTargetDependency */ = {
			isa = PBXTargetDependency;
			name = "box2d Mac";
			targetProxy = 1AC6FB1D180E9963004C840B /* PBXContainerItemProxy */;
		};
		1AC6FB25180E99E1004C840B /* PBXTargetDependency */ = {
			isa = PBXTargetDependency;
			name = "cocos2dx iOS";
			targetProxy = 1AC6FB24180E99E1004C840B /* PBXContainerItemProxy */;
		};
		1AC6FB27180E99E1004C840B /* PBXTargetDependency */ = {
			isa = PBXTargetDependency;
			name = "cocos2dx-extensions iOS";
			targetProxy = 1AC6FB26180E99E1004C840B /* PBXContainerItemProxy */;
		};
		1AC6FB29180E99E1004C840B /* PBXTargetDependency */ = {
			isa = PBXTargetDependency;
			name = "chipmunk iOS";
			targetProxy = 1AC6FB28180E99E1004C840B /* PBXContainerItemProxy */;
		};
		1AC6FB2B180E99E1004C840B /* PBXTargetDependency */ = {
			isa = PBXTargetDependency;
			name = "box2d iOS";
			targetProxy = 1AC6FB2A180E99E1004C840B /* PBXContainerItemProxy */;
		};
		1AC6FB2D180E99E1004C840B /* PBXTargetDependency */ = {
			isa = PBXTargetDependency;
			name = "CocosDenshion iOS";
			targetProxy = 1AC6FB2C180E99E1004C840B /* PBXContainerItemProxy */;
		};
/* End PBXTargetDependency section */

/* Begin XCBuildConfiguration section */
		1D6058940D05DD3E006BFB54 /* Debug */ = {
			isa = XCBuildConfiguration;
			buildSettings = {
				ALWAYS_SEARCH_USER_PATHS = YES;
				CODE_SIGN_IDENTITY = "iPhone Developer: Mikhail Solovyev (R4653GQ8JL)";
				COMPRESS_PNG_FILES = NO;
				GCC_DYNAMIC_NO_PIC = NO;
				GCC_INLINES_ARE_PRIVATE_EXTERN = NO;
				GCC_PRECOMPILE_PREFIX_HEADER = YES;
				GCC_PREFIX_HEADER = ios/Prefix.pch;
				GCC_PREPROCESSOR_DEFINITIONS = (
					USE_FILE32API,
					CC_TARGET_OS_IPHONE,
					"COCOS2D_DEBUG=1",
					"CC_ENABLE_CHIPMUNK_INTEGRATION=1",
				);
				GCC_SYMBOLS_PRIVATE_EXTERN = NO;
				HEADER_SEARCH_PATHS = (
					"$(inherited)",
					"$(SRCROOT)/../cocos2d/cocos/2d/platform/ios",
					"$(SRCROOT)/../cocos2d/cocos/2d/platform/ios/Simulation",
				);
				INFOPLIST_FILE = ios/Info.plist;
				IPHONEOS_DEPLOYMENT_TARGET = 5.0;
				LIBRARY_SEARCH_PATHS = "$(PROJECT_DIR)/GoogleMobileAdsSdkiOS-6.10.0";
				OTHER_LDFLAGS = "-ObjC";
				PRODUCT_NAME = "BunniesForever iOS";
				PROVISIONING_PROFILE = "9932EE47-4193-459B-9E3A-B42CD899853D";
				SDKROOT = iphoneos;
				TARGETED_DEVICE_FAMILY = "1,2";
				USER_HEADER_SEARCH_PATHS = "";
			};
			name = Debug;
		};
		1D6058950D05DD3E006BFB54 /* Release */ = {
			isa = XCBuildConfiguration;
			buildSettings = {
				ALWAYS_SEARCH_USER_PATHS = YES;
				CODE_SIGN_IDENTITY = "iPhone Developer: Mikhail Solovyev (R4653GQ8JL)";
				COMPRESS_PNG_FILES = NO;
				GCC_INLINES_ARE_PRIVATE_EXTERN = NO;
				GCC_PRECOMPILE_PREFIX_HEADER = YES;
				GCC_PREFIX_HEADER = ios/Prefix.pch;
				GCC_PREPROCESSOR_DEFINITIONS = (
					USE_FILE32API,
					CC_TARGET_OS_IPHONE,
					"CC_ENABLE_CHIPMUNK_INTEGRATION=1",
				);
				GCC_SYMBOLS_PRIVATE_EXTERN = NO;
				HEADER_SEARCH_PATHS = (
					"$(inherited)",
					"$(SRCROOT)/../cocos2d/cocos/2d/platform/ios",
					"$(SRCROOT)/../cocos2d/cocos/2d/platform/ios/Simulation",
				);
				INFOPLIST_FILE = ios/Info.plist;
				IPHONEOS_DEPLOYMENT_TARGET = 5.0;
				LIBRARY_SEARCH_PATHS = "$(PROJECT_DIR)/GoogleMobileAdsSdkiOS-6.10.0";
				OTHER_LDFLAGS = "-ObjC";
				PRODUCT_NAME = "BunniesForever iOS";
				PROVISIONING_PROFILE = "9932EE47-4193-459B-9E3A-B42CD899853D";
				SDKROOT = iphoneos;
				TARGETED_DEVICE_FAMILY = "1,2";
				USER_HEADER_SEARCH_PATHS = "";
			};
			name = Release;
		};
		5087E76D17EB910900C73F5D /* Debug */ = {
			isa = XCBuildConfiguration;
			buildSettings = {
				ALWAYS_SEARCH_USER_PATHS = YES;
				ARCHS = "$(ARCHS_STANDARD_64_BIT)";
				CLANG_CXX_LANGUAGE_STANDARD = "c++0x";
				CLANG_CXX_LIBRARY = "libc++";
				GCC_DYNAMIC_NO_PIC = NO;
				GCC_INLINES_ARE_PRIVATE_EXTERN = NO;
				GCC_PRECOMPILE_PREFIX_HEADER = YES;
				GCC_PREFIX_HEADER = mac/Prefix.pch;
				GCC_PREPROCESSOR_DEFINITIONS = (
					USE_FILE32API,
					CC_TARGET_OS_MAC,
					"COCOS2D_DEBUG=1",
					"CC_ENABLE_CHIPMUNK_INTEGRATION=1",
				);
				GCC_SYMBOLS_PRIVATE_EXTERN = NO;
				HEADER_SEARCH_PATHS = (
					"$(inherited)",
					"$(SRCROOT)/../cocos2d/cocos/2d/platform/mac",
					"$(SRCROOT)/../cocos2d/external/glfw3/include/mac",
				);
				INFOPLIST_FILE = mac/Info.plist;
				LIBRARY_SEARCH_PATHS = "";
				PRODUCT_NAME = "BunniesForever Mac";
				USER_HEADER_SEARCH_PATHS = "";
			};
			name = Debug;
		};
		5087E76E17EB910900C73F5D /* Release */ = {
			isa = XCBuildConfiguration;
			buildSettings = {
				ALWAYS_SEARCH_USER_PATHS = YES;
				ARCHS = "$(ARCHS_STANDARD_64_BIT)";
				CLANG_CXX_LANGUAGE_STANDARD = "c++0x";
				CLANG_CXX_LIBRARY = "libc++";
				GCC_INLINES_ARE_PRIVATE_EXTERN = NO;
				GCC_PRECOMPILE_PREFIX_HEADER = YES;
				GCC_PREFIX_HEADER = mac/Prefix.pch;
				GCC_PREPROCESSOR_DEFINITIONS = (
					USE_FILE32API,
					CC_TARGET_OS_MAC,
					"CC_ENABLE_CHIPMUNK_INTEGRATION=1",
				);
				GCC_SYMBOLS_PRIVATE_EXTERN = NO;
				HEADER_SEARCH_PATHS = (
					"$(inherited)",
					"$(SRCROOT)/../cocos2d/cocos/2d/platform/mac",
					"$(SRCROOT)/../cocos2d/external/glfw3/include/mac",
				);
				INFOPLIST_FILE = mac/Info.plist;
				LIBRARY_SEARCH_PATHS = "";
				PRODUCT_NAME = "BunniesForever Mac";
				USER_HEADER_SEARCH_PATHS = "";
			};
			name = Release;
		};
		C01FCF4F08A954540054247B /* Debug */ = {
			isa = XCBuildConfiguration;
			buildSettings = {
				CLANG_CXX_LANGUAGE_STANDARD = "c++0x";
				CLANG_CXX_LIBRARY = "libc++";
				CODE_SIGN_IDENTITY = "iPhone Developer: Mikhail Solovyev (R4653GQ8JL)";
				COPY_PHASE_STRIP = NO;
				GCC_OPTIMIZATION_LEVEL = 0;
				GCC_WARN_ABOUT_RETURN_TYPE = YES;
				GCC_WARN_UNUSED_VARIABLE = YES;
				HEADER_SEARCH_PATHS = (
					"$(SRCROOT)/../cocos2d",
					"$(SRCROOT)/../cocos2d/cocos",
					"$(SRCROOT)/../cocos2d/cocos/base",
					"$(SRCROOT)/../cocos2d/cocos/physics",
					"$(SRCROOT)/../cocos2d/cocos/math/kazmath",
					"$(SRCROOT)/../cocos2d/cocos/2d",
					"$(SRCROOT)/../cocos2d/cocos/ui",
					"$(SRCROOT)/../cocos2d/cocos/network",
					"$(SRCROOT)/../cocos2d/cocos/audio/include",
					"$(SRCROOT)/../cocos2d/cocos/editor-support",
					"$(SRCROOT)/../cocos2d/extensions",
					"$(SRCROOT)/../cocos2d/external",
					"$(SRCROOT)/../cocos2d/external/chipmunk/include/chipmunk",
				);
				IPHONEOS_DEPLOYMENT_TARGET = 7.0;
				ONLY_ACTIVE_ARCH = YES;
				PRODUCT_NAME = "$(TARGET_NAME)";
				PROVISIONING_PROFILE = "ED073D24-ABB6-4B61-9653-63ED1E77D9D5";
				SDKROOT = macosx;
			};
			name = Debug;
		};
		C01FCF5008A954540054247B /* Release */ = {
			isa = XCBuildConfiguration;
			buildSettings = {
				CLANG_CXX_LANGUAGE_STANDARD = "c++0x";
				CLANG_CXX_LIBRARY = "libc++";
				CODE_SIGN_IDENTITY = "iPhone Developer: Mikhail Solovyev (R4653GQ8JL)";
				GCC_WARN_ABOUT_RETURN_TYPE = YES;
				GCC_WARN_UNUSED_VARIABLE = YES;
				HEADER_SEARCH_PATHS = (
					"$(SRCROOT)/../cocos2d",
					"$(SRCROOT)/../cocos2d/cocos",
					"$(SRCROOT)/../cocos2d/cocos/base",
					"$(SRCROOT)/../cocos2d/cocos/physics",
					"$(SRCROOT)/../cocos2d/cocos/math/kazmath",
					"$(SRCROOT)/../cocos2d/cocos/2d",
					"$(SRCROOT)/../cocos2d/cocos/ui",
					"$(SRCROOT)/../cocos2d/cocos/network",
					"$(SRCROOT)/../cocos2d/cocos/audio/include",
					"$(SRCROOT)/../cocos2d/cocos/editor-support",
					"$(SRCROOT)/../cocos2d/extensions",
					"$(SRCROOT)/../cocos2d/external",
					"$(SRCROOT)/../cocos2d/external/chipmunk/include/chipmunk",
				);
				IPHONEOS_DEPLOYMENT_TARGET = 7.0;
				OTHER_CFLAGS = "-DNS_BLOCK_ASSERTIONS=1";
				PRODUCT_NAME = "$(TARGET_NAME)";
				PROVISIONING_PROFILE = "ED073D24-ABB6-4B61-9653-63ED1E77D9D5";
				SDKROOT = macosx;
				VALIDATE_PRODUCT = YES;
			};
			name = Release;
		};
/* End XCBuildConfiguration section */

/* Begin XCConfigurationList section */
		1D6058960D05DD3E006BFB54 /* Build configuration list for PBXNativeTarget "BunniesForever iOS" */ = {
			isa = XCConfigurationList;
			buildConfigurations = (
				1D6058940D05DD3E006BFB54 /* Debug */,
				1D6058950D05DD3E006BFB54 /* Release */,
			);
			defaultConfigurationIsVisible = 0;
			defaultConfigurationName = Debug;
		};
		5087E76C17EB910900C73F5D /* Build configuration list for PBXNativeTarget "BunniesForever Mac" */ = {
			isa = XCConfigurationList;
			buildConfigurations = (
				5087E76D17EB910900C73F5D /* Debug */,
				5087E76E17EB910900C73F5D /* Release */,
			);
			defaultConfigurationIsVisible = 0;
			defaultConfigurationName = Debug;
		};
		C01FCF4E08A954540054247B /* Build configuration list for PBXProject "BunniesForever" */ = {
			isa = XCConfigurationList;
			buildConfigurations = (
				C01FCF4F08A954540054247B /* Debug */,
				C01FCF5008A954540054247B /* Release */,
			);
			defaultConfigurationIsVisible = 0;
			defaultConfigurationName = Debug;
		};
/* End XCConfigurationList section */
	};
	rootObject = 29B97313FDCFA39411CA2CEA /* Project object */;
}
